// !$*UTF8*$!
{
	archiveVersion = 1;
	classes = {
	};
	objectVersion = 56;
	objects = {

/* Begin PBXBuildFile section */
		A62690192970403500820A2E /* game_02App.swift in Sources */ = {isa = PBXBuildFile; fileRef = A62690182970403500820A2E /* game_02App.swift */; };
		A626901B2970403500820A2E /* MainView.swift in Sources */ = {isa = PBXBuildFile; fileRef = A626901A2970403500820A2E /* MainView.swift */; };
		A626901D2970403800820A2E /* Assets.xcassets in Resources */ = {isa = PBXBuildFile; fileRef = A626901C2970403800820A2E /* Assets.xcassets */; };
		A62690202970403800820A2E /* Preview Assets.xcassets in Resources */ = {isa = PBXBuildFile; fileRef = A626901F2970403800820A2E /* Preview Assets.xcassets */; };
		A6269027297040C700820A2E /* AllStructs.swift in Sources */ = {isa = PBXBuildFile; fileRef = A6269026297040C700820A2E /* AllStructs.swift */; };
		A6269029297040DD00820A2E /* AllClasses.swift in Sources */ = {isa = PBXBuildFile; fileRef = A6269028297040DD00820A2E /* AllClasses.swift */; };
		A626902E29705A6100820A2E /* CountOfGamersView.swift in Sources */ = {isa = PBXBuildFile; fileRef = A626902D29705A6100820A2E /* CountOfGamersView.swift */; };
		A62690302970A57F00820A2E /* GamersListView.swift in Sources */ = {isa = PBXBuildFile; fileRef = A626902F2970A57F00820A2E /* GamersListView.swift */; };
		A62690322970AD5D00820A2E /* WhoIsWhoView.swift in Sources */ = {isa = PBXBuildFile; fileRef = A62690312970AD5D00820A2E /* WhoIsWhoView.swift */; };
		A633CF7C297A954600B5A9C1 /* PersonCardView.swift in Sources */ = {isa = PBXBuildFile; fileRef = A633CF7B297A954600B5A9C1 /* PersonCardView.swift */; };
		A686FA3D2972180C00E2C797 /* FinalView.swift in Sources */ = {isa = PBXBuildFile; fileRef = A686FA3C2972180C00E2C797 /* FinalView.swift */; };
/* End PBXBuildFile section */

/* Begin PBXFileReference section */
		A62690152970403500820A2E /* game_02.app */ = {isa = PBXFileReference; explicitFileType = wrapper.application; includeInIndex = 0; path = game_02.app; sourceTree = BUILT_PRODUCTS_DIR; };
		A62690182970403500820A2E /* game_02App.swift */ = {isa = PBXFileReference; lastKnownFileType = sourcecode.swift; path = game_02App.swift; sourceTree = "<group>"; };
		A626901A2970403500820A2E /* MainView.swift */ = {isa = PBXFileReference; lastKnownFileType = sourcecode.swift; path = MainView.swift; sourceTree = "<group>"; };
		A626901C2970403800820A2E /* Assets.xcassets */ = {isa = PBXFileReference; lastKnownFileType = folder.assetcatalog; path = Assets.xcassets; sourceTree = "<group>"; };
		A626901F2970403800820A2E /* Preview Assets.xcassets */ = {isa = PBXFileReference; lastKnownFileType = folder.assetcatalog; path = "Preview Assets.xcassets"; sourceTree = "<group>"; };
		A6269026297040C700820A2E /* AllStructs.swift */ = {isa = PBXFileReference; lastKnownFileType = sourcecode.swift; path = AllStructs.swift; sourceTree = "<group>"; };
		A6269028297040DD00820A2E /* AllClasses.swift */ = {isa = PBXFileReference; lastKnownFileType = sourcecode.swift; path = AllClasses.swift; sourceTree = "<group>"; };
		A626902D29705A6100820A2E /* CountOfGamersView.swift */ = {isa = PBXFileReference; lastKnownFileType = sourcecode.swift; path = CountOfGamersView.swift; sourceTree = "<group>"; };
		A626902F2970A57F00820A2E /* GamersListView.swift */ = {isa = PBXFileReference; lastKnownFileType = sourcecode.swift; path = GamersListView.swift; sourceTree = "<group>"; };
		A62690312970AD5D00820A2E /* WhoIsWhoView.swift */ = {isa = PBXFileReference; lastKnownFileType = sourcecode.swift; path = WhoIsWhoView.swift; sourceTree = "<group>"; };
		A633CF7B297A954600B5A9C1 /* PersonCardView.swift */ = {isa = PBXFileReference; lastKnownFileType = sourcecode.swift; path = PersonCardView.swift; sourceTree = "<group>"; };
		A686FA3C2972180C00E2C797 /* FinalView.swift */ = {isa = PBXFileReference; lastKnownFileType = sourcecode.swift; path = FinalView.swift; sourceTree = "<group>"; };
/* End PBXFileReference section */

/* Begin PBXFrameworksBuildPhase section */
		A62690122970403500820A2E /* Frameworks */ = {
			isa = PBXFrameworksBuildPhase;
			buildActionMask = 2147483647;
			files = (
			);
			runOnlyForDeploymentPostprocessing = 0;
		};
/* End PBXFrameworksBuildPhase section */

/* Begin PBXGroup section */
		A626900C2970403500820A2E = {
			isa = PBXGroup;
			children = (
				A62690172970403500820A2E /* game_02 */,
				A62690162970403500820A2E /* Products */,
			);
			sourceTree = "<group>";
		};
		A62690162970403500820A2E /* Products */ = {
			isa = PBXGroup;
			children = (
				A62690152970403500820A2E /* game_02.app */,
			);
			name = Products;
			sourceTree = "<group>";
		};
		A62690172970403500820A2E /* game_02 */ = {
			isa = PBXGroup;
			children = (
				A626902A297040E300820A2E /* Model */,
				A626902C2970422000820A2E /* ViewModel */,
				A626902B297040FA00820A2E /* View */,
				A626901E2970403800820A2E /* Preview Content */,
				A626901C2970403800820A2E /* Assets.xcassets */,
				A62690182970403500820A2E /* game_02App.swift */,
			);
			path = game_02;
			sourceTree = "<group>";
		};
		A626901E2970403800820A2E /* Preview Content */ = {
			isa = PBXGroup;
			children = (
				A626901F2970403800820A2E /* Preview Assets.xcassets */,
			);
			path = "Preview Content";
			sourceTree = "<group>";
		};
		A626902A297040E300820A2E /* Model */ = {
			isa = PBXGroup;
			children = (
				A6269026297040C700820A2E /* AllStructs.swift */,
			);
			path = Model;
			sourceTree = "<group>";
		};
		A626902B297040FA00820A2E /* View */ = {
			isa = PBXGroup;
			children = (
				A626901A2970403500820A2E /* MainView.swift */,
				A626902D29705A6100820A2E /* CountOfGamersView.swift */,
				A626902F2970A57F00820A2E /* GamersListView.swift */,
				A62690312970AD5D00820A2E /* WhoIsWhoView.swift */,
				A633CF7B297A954600B5A9C1 /* PersonCardView.swift */,
				A686FA3C2972180C00E2C797 /* FinalView.swift */,
			);
			path = View;
			sourceTree = "<group>";
		};
		A626902C2970422000820A2E /* ViewModel */ = {
			isa = PBXGroup;
			children = (
				A6269028297040DD00820A2E /* AllClasses.swift */,
			);
			path = ViewModel;
			sourceTree = "<group>";
		};
/* End PBXGroup section */

/* Begin PBXNativeTarget section */
		A62690142970403500820A2E /* game_02 */ = {
			isa = PBXNativeTarget;
			buildConfigurationList = A62690232970403800820A2E /* Build configuration list for PBXNativeTarget "game_02" */;
			buildPhases = (
				A62690112970403500820A2E /* Sources */,
				A62690122970403500820A2E /* Frameworks */,
				A62690132970403500820A2E /* Resources */,
			);
			buildRules = (
			);
			dependencies = (
			);
			name = game_02;
			packageProductDependencies = (
			);
			productName = game_02;
			productReference = A62690152970403500820A2E /* game_02.app */;
			productType = "com.apple.product-type.application";
		};
/* End PBXNativeTarget section */

/* Begin PBXProject section */
		A626900D2970403500820A2E /* Project object */ = {
			isa = PBXProject;
			attributes = {
				BuildIndependentTargetsInParallel = 1;
				LastSwiftUpdateCheck = 1400;
				LastUpgradeCheck = 1400;
				TargetAttributes = {
					A62690142970403500820A2E = {
						CreatedOnToolsVersion = 14.0.1;
					};
				};
			};
			buildConfigurationList = A62690102970403500820A2E /* Build configuration list for PBXProject "game_02" */;
			compatibilityVersion = "Xcode 14.0";
			developmentRegion = en;
			hasScannedForEncodings = 0;
			knownRegions = (
				en,
				Base,
			);
			mainGroup = A626900C2970403500820A2E;
			packageReferences = (
			);
			productRefGroup = A62690162970403500820A2E /* Products */;
			projectDirPath = "";
			projectRoot = "";
			targets = (
				A62690142970403500820A2E /* game_02 */,
			);
		};
/* End PBXProject section */

/* Begin PBXResourcesBuildPhase section */
		A62690132970403500820A2E /* Resources */ = {
			isa = PBXResourcesBuildPhase;
			buildActionMask = 2147483647;
			files = (
				A62690202970403800820A2E /* Preview Assets.xcassets in Resources */,
				A626901D2970403800820A2E /* Assets.xcassets in Resources */,
			);
			runOnlyForDeploymentPostprocessing = 0;
		};
/* End PBXResourcesBuildPhase section */

/* Begin PBXSourcesBuildPhase section */
		A62690112970403500820A2E /* Sources */ = {
			isa = PBXSourcesBuildPhase;
			buildActionMask = 2147483647;
			files = (
				A626901B2970403500820A2E /* MainView.swift in Sources */,
				A633CF7C297A954600B5A9C1 /* PersonCardView.swift in Sources */,
				A686FA3D2972180C00E2C797 /* FinalView.swift in Sources */,
				A626902E29705A6100820A2E /* CountOfGamersView.swift in Sources */,
				A6269027297040C700820A2E /* AllStructs.swift in Sources */,
				A62690302970A57F00820A2E /* GamersListView.swift in Sources */,
				A6269029297040DD00820A2E /* AllClasses.swift in Sources */,
				A62690322970AD5D00820A2E /* WhoIsWhoView.swift in Sources */,
				A62690192970403500820A2E /* game_02App.swift in Sources */,
			);
			runOnlyForDeploymentPostprocessing = 0;
		};
/* End PBXSourcesBuildPhase section */

/* Begin XCBuildConfiguration section */
		A62690212970403800820A2E /* Debug */ = {
			isa = XCBuildConfiguration;
			buildSettings = {
				ALWAYS_SEARCH_USER_PATHS = NO;
				CLANG_ANALYZER_NONNULL = YES;
				CLANG_ANALYZER_NUMBER_OBJECT_CONVERSION = YES_AGGRESSIVE;
				CLANG_CXX_LANGUAGE_STANDARD = "gnu++20";
				CLANG_ENABLE_MODULES = YES;
				CLANG_ENABLE_OBJC_ARC = YES;
				CLANG_ENABLE_OBJC_WEAK = YES;
				CLANG_WARN_BLOCK_CAPTURE_AUTORELEASING = YES;
				CLANG_WARN_BOOL_CONVERSION = YES;
				CLANG_WARN_COMMA = YES;
				CLANG_WARN_CONSTANT_CONVERSION = YES;
				CLANG_WARN_DEPRECATED_OBJC_IMPLEMENTATIONS = YES;
				CLANG_WARN_DIRECT_OBJC_ISA_USAGE = YES_ERROR;
				CLANG_WARN_DOCUMENTATION_COMMENTS = YES;
				CLANG_WARN_EMPTY_BODY = YES;
				CLANG_WARN_ENUM_CONVERSION = YES;
				CLANG_WARN_INFINITE_RECURSION = YES;
				CLANG_WARN_INT_CONVERSION = YES;
				CLANG_WARN_NON_LITERAL_NULL_CONVERSION = YES;
				CLANG_WARN_OBJC_IMPLICIT_RETAIN_SELF = YES;
				CLANG_WARN_OBJC_LITERAL_CONVERSION = YES;
				CLANG_WARN_OBJC_ROOT_CLASS = YES_ERROR;
				CLANG_WARN_QUOTED_INCLUDE_IN_FRAMEWORK_HEADER = YES;
				CLANG_WARN_RANGE_LOOP_ANALYSIS = YES;
				CLANG_WARN_STRICT_PROTOTYPES = YES;
				CLANG_WARN_SUSPICIOUS_MOVE = YES;
				CLANG_WARN_UNGUARDED_AVAILABILITY = YES_AGGRESSIVE;
				CLANG_WARN_UNREACHABLE_CODE = YES;
				CLANG_WARN__DUPLICATE_METHOD_MATCH = YES;
				COPY_PHASE_STRIP = NO;
				DEBUG_INFORMATION_FORMAT = dwarf;
				ENABLE_STRICT_OBJC_MSGSEND = YES;
				ENABLE_TESTABILITY = YES;
				GCC_C_LANGUAGE_STANDARD = gnu11;
				GCC_DYNAMIC_NO_PIC = NO;
				GCC_NO_COMMON_BLOCKS = YES;
				GCC_OPTIMIZATION_LEVEL = 0;
				GCC_PREPROCESSOR_DEFINITIONS = (
					"DEBUG=1",
					"$(inherited)",
				);
				GCC_WARN_64_TO_32_BIT_CONVERSION = YES;
				GCC_WARN_ABOUT_RETURN_TYPE = YES_ERROR;
				GCC_WARN_UNDECLARED_SELECTOR = YES;
				GCC_WARN_UNINITIALIZED_AUTOS = YES_AGGRESSIVE;
				GCC_WARN_UNUSED_FUNCTION = YES;
				GCC_WARN_UNUSED_VARIABLE = YES;
				IPHONEOS_DEPLOYMENT_TARGET = 16.0;
				MTL_ENABLE_DEBUG_INFO = INCLUDE_SOURCE;
				MTL_FAST_MATH = YES;
				ONLY_ACTIVE_ARCH = YES;
				SDKROOT = iphoneos;
				SWIFT_ACTIVE_COMPILATION_CONDITIONS = DEBUG;
				SWIFT_OPTIMIZATION_LEVEL = "-Onone";
			};
			name = Debug;
		};
		A62690222970403800820A2E /* Release */ = {
			isa = XCBuildConfiguration;
			buildSettings = {
				ALWAYS_SEARCH_USER_PATHS = NO;
				CLANG_ANALYZER_NONNULL = YES;
				CLANG_ANALYZER_NUMBER_OBJECT_CONVERSION = YES_AGGRESSIVE;
				CLANG_CXX_LANGUAGE_STANDARD = "gnu++20";
				CLANG_ENABLE_MODULES = YES;
				CLANG_ENABLE_OBJC_ARC = YES;
				CLANG_ENABLE_OBJC_WEAK = YES;
				CLANG_WARN_BLOCK_CAPTURE_AUTORELEASING = YES;
				CLANG_WARN_BOOL_CONVERSION = YES;
				CLANG_WARN_COMMA = YES;
				CLANG_WARN_CONSTANT_CONVERSION = YES;
				CLANG_WARN_DEPRECATED_OBJC_IMPLEMENTATIONS = YES;
				CLANG_WARN_DIRECT_OBJC_ISA_USAGE = YES_ERROR;
				CLANG_WARN_DOCUMENTATION_COMMENTS = YES;
				CLANG_WARN_EMPTY_BODY = YES;
				CLANG_WARN_ENUM_CONVERSION = YES;
				CLANG_WARN_INFINITE_RECURSION = YES;
				CLANG_WARN_INT_CONVERSION = YES;
				CLANG_WARN_NON_LITERAL_NULL_CONVERSION = YES;
				CLANG_WARN_OBJC_IMPLICIT_RETAIN_SELF = YES;
				CLANG_WARN_OBJC_LITERAL_CONVERSION = YES;
				CLANG_WARN_OBJC_ROOT_CLASS = YES_ERROR;
				CLANG_WARN_QUOTED_INCLUDE_IN_FRAMEWORK_HEADER = YES;
				CLANG_WARN_RANGE_LOOP_ANALYSIS = YES;
				CLANG_WARN_STRICT_PROTOTYPES = YES;
				CLANG_WARN_SUSPICIOUS_MOVE = YES;
				CLANG_WARN_UNGUARDED_AVAILABILITY = YES_AGGRESSIVE;
				CLANG_WARN_UNREACHABLE_CODE = YES;
				CLANG_WARN__DUPLICATE_METHOD_MATCH = YES;
				COPY_PHASE_STRIP = NO;
				DEBUG_INFORMATION_FORMAT = "dwarf-with-dsym";
				ENABLE_NS_ASSERTIONS = NO;
				ENABLE_STRICT_OBJC_MSGSEND = YES;
				GCC_C_LANGUAGE_STANDARD = gnu11;
				GCC_NO_COMMON_BLOCKS = YES;
				GCC_WARN_64_TO_32_BIT_CONVERSION = YES;
				GCC_WARN_ABOUT_RETURN_TYPE = YES_ERROR;
				GCC_WARN_UNDECLARED_SELECTOR = YES;
				GCC_WARN_UNINITIALIZED_AUTOS = YES_AGGRESSIVE;
				GCC_WARN_UNUSED_FUNCTION = YES;
				GCC_WARN_UNUSED_VARIABLE = YES;
				IPHONEOS_DEPLOYMENT_TARGET = 16.0;
				MTL_ENABLE_DEBUG_INFO = NO;
				MTL_FAST_MATH = YES;
				SDKROOT = iphoneos;
				SWIFT_COMPILATION_MODE = wholemodule;
				SWIFT_OPTIMIZATION_LEVEL = "-O";
				VALIDATE_PRODUCT = YES;
			};
			name = Release;
		};
		A62690242970403800820A2E /* Debug */ = {
			isa = XCBuildConfiguration;
			buildSettings = {
				ASSETCATALOG_COMPILER_APPICON_NAME = AppIcon;
				ASSETCATALOG_COMPILER_GLOBAL_ACCENT_COLOR_NAME = AccentColor;
				CODE_SIGN_STYLE = Automatic;
				CURRENT_PROJECT_VERSION = 1;
				DEVELOPMENT_ASSET_PATHS = "\"game_02/Preview Content\"";
				DEVELOPMENT_TEAM = 944K4M9L9M;
				ENABLE_PREVIEWS = YES;
				GENERATE_INFOPLIST_FILE = YES;
				INFOPLIST_KEY_UIApplicationSceneManifest_Generation = YES;
				INFOPLIST_KEY_UIApplicationSupportsIndirectInputEvents = YES;
				INFOPLIST_KEY_UILaunchScreen_Generation = YES;
				INFOPLIST_KEY_UISupportedInterfaceOrientations_iPad = "UIInterfaceOrientationPortrait UIInterfaceOrientationPortraitUpsideDown UIInterfaceOrientationLandscapeLeft UIInterfaceOrientationLandscapeRight";
				INFOPLIST_KEY_UISupportedInterfaceOrientations_iPhone = "UIInterfaceOrientationPortrait UIInterfaceOrientationLandscapeLeft UIInterfaceOrientationLandscapeRight";
				LD_RUNPATH_SEARCH_PATHS = (
					"$(inherited)",
					"@executable_path/Frameworks",
				);
				MARKETING_VERSION = 1.0;
				PRODUCT_BUNDLE_IDENTIFIER = "learn-ios.game-02";
				PRODUCT_NAME = "$(TARGET_NAME)";
				SWIFT_EMIT_LOC_STRINGS = YES;
				SWIFT_VERSION = 5.0;
				TARGETED_DEVICE_FAMILY = "1,2";
			};
			name = Debug;
		};
		A62690252970403800820A2E /* Release */ = {
			isa = XCBuildConfiguration;
			buildSettings = {
				ASSETCATALOG_COMPILER_APPICON_NAME = AppIcon;
				ASSETCATALOG_COMPILER_GLOBAL_ACCENT_COLOR_NAME = AccentColor;
				CODE_SIGN_STYLE = Automatic;
				CURRENT_PROJECT_VERSION = 1;
				DEVELOPMENT_ASSET_PATHS = "\"game_02/Preview Content\"";
				DEVELOPMENT_TEAM = 944K4M9L9M;
				ENABLE_PREVIEWS = YES;
				GENERATE_INFOPLIST_FILE = YES;
				INFOPLIST_KEY_UIApplicationSceneManifest_Generation = YES;
				INFOPLIST_KEY_UIApplicationSupportsIndirectInputEvents = YES;
				INFOPLIST_KEY_UILaunchScreen_Generation = YES;
				INFOPLIST_KEY_UISupportedInterfaceOrientations_iPad = "UIInterfaceOrientationPortrait UIInterfaceOrientationPortraitUpsideDown UIInterfaceOrientationLandscapeLeft UIInterfaceOrientationLandscapeRight";
				INFOPLIST_KEY_UISupportedInterfaceOrientations_iPhone = "UIInterfaceOrientationPortrait UIInterfaceOrientationLandscapeLeft UIInterfaceOrientationLandscapeRight";
				LD_RUNPATH_SEARCH_PATHS = (
					"$(inherited)",
					"@executable_path/Frameworks",
				);
				MARKETING_VERSION = 1.0;
				PRODUCT_BUNDLE_IDENTIFIER = "learn-ios.game-02";
				PRODUCT_NAME = "$(TARGET_NAME)";
				SWIFT_EMIT_LOC_STRINGS = YES;
				SWIFT_VERSION = 5.0;
				TARGETED_DEVICE_FAMILY = "1,2";
			};
			name = Release;
		};
/* End XCBuildConfiguration section */

/* Begin XCConfigurationList section */
		A62690102970403500820A2E /* Build configuration list for PBXProject "game_02" */ = {
			isa = XCConfigurationList;
			buildConfigurations = (
				A62690212970403800820A2E /* Debug */,
				A62690222970403800820A2E /* Release */,
			);
			defaultConfigurationIsVisible = 0;
			defaultConfigurationName = Release;
		};
		A62690232970403800820A2E /* Build configuration list for PBXNativeTarget "game_02" */ = {
			isa = XCConfigurationList;
			buildConfigurations = (
				A62690242970403800820A2E /* Debug */,
				A62690252970403800820A2E /* Release */,
			);
			defaultConfigurationIsVisible = 0;
			defaultConfigurationName = Release;
		};
/* End XCConfigurationList section */
	};
	rootObject = A626900D2970403500820A2E /* Project object */;
}
