// !$*UTF8*$!
{
	archiveVersion = 1;
	classes = {
	};
	objectVersion = 56;
	objects = {

/* Begin PBXBuildFile section */
		A61C21C22983D20100A8B2F9 /* CategoryView.swift in Sources */ = {isa = PBXBuildFile; fileRef = A61C21C12983D20100A8B2F9 /* CategoryView.swift */; };
		A64D6371297EEE9700873D4F /* ToDoListUniversity_00App.swift in Sources */ = {isa = PBXBuildFile; fileRef = A64D6370297EEE9700873D4F /* ToDoListUniversity_00App.swift */; };
		A64D6373297EEE9700873D4F /* ContentView.swift in Sources */ = {isa = PBXBuildFile; fileRef = A64D6372297EEE9700873D4F /* ContentView.swift */; };
		A64D6375297EEE9800873D4F /* Assets.xcassets in Resources */ = {isa = PBXBuildFile; fileRef = A64D6374297EEE9800873D4F /* Assets.xcassets */; };
		A64D6378297EEE9800873D4F /* Preview Assets.xcassets in Resources */ = {isa = PBXBuildFile; fileRef = A64D6377297EEE9800873D4F /* Preview Assets.xcassets */; };
		A64D6380297EEECE00873D4F /* CoreData.xcdatamodeld in Sources */ = {isa = PBXBuildFile; fileRef = A64D637E297EEECE00873D4F /* CoreData.xcdatamodeld */; };
		A64D6382297EEFF300873D4F /* DateController.swift in Sources */ = {isa = PBXBuildFile; fileRef = A64D6381297EEFF300873D4F /* DateController.swift */; };
		A6556A8C298069DB0057D44D /* CalendarView.swift in Sources */ = {isa = PBXBuildFile; fileRef = A6556A8B298069DB0057D44D /* CalendarView.swift */; };
		A6556A8E29806AD10057D44D /* FocuseView.swift in Sources */ = {isa = PBXBuildFile; fileRef = A6556A8D29806AD10057D44D /* FocuseView.swift */; };
		A6556A9029806B430057D44D /* ProfileView.swift in Sources */ = {isa = PBXBuildFile; fileRef = A6556A8F29806B430057D44D /* ProfileView.swift */; };
		A6556A9229807A9A0057D44D /* AddNewTaskView.swift in Sources */ = {isa = PBXBuildFile; fileRef = A6556A9129807A9A0057D44D /* AddNewTaskView.swift */; };
		A661FE5E29813341003F2823 /* ChangeView.swift in Sources */ = {isa = PBXBuildFile; fileRef = A661FE5D29813341003F2823 /* ChangeView.swift */; };
		A661FE60298136FD003F2823 /* TapBarView.swift in Sources */ = {isa = PBXBuildFile; fileRef = A661FE5F298136FD003F2823 /* TapBarView.swift */; };
		A67812F12982A9AF00F03783 /* CustomCornersView.swift in Sources */ = {isa = PBXBuildFile; fileRef = A67812F02982A9AF00F03783 /* CustomCornersView.swift */; };
		A6AF59752982F7D50091EC94 /* PriorityView.swift in Sources */ = {isa = PBXBuildFile; fileRef = A6AF59742982F7D50091EC94 /* PriorityView.swift */; };
		A6C865A62985399C0011AF89 /* TaskItemsStruct.swift in Sources */ = {isa = PBXBuildFile; fileRef = A6C865A52985399C0011AF89 /* TaskItemsStruct.swift */; };
		A6C865A8298539B30011AF89 /* TaskItemsClass.swift in Sources */ = {isa = PBXBuildFile; fileRef = A6C865A7298539B30011AF89 /* TaskItemsClass.swift */; };
/* End PBXBuildFile section */

/* Begin PBXFileReference section */
		A61C21C12983D20100A8B2F9 /* CategoryView.swift */ = {isa = PBXFileReference; lastKnownFileType = sourcecode.swift; path = CategoryView.swift; sourceTree = "<group>"; };
		A64D636D297EEE9700873D4F /* ToDoListUniversity_00.app */ = {isa = PBXFileReference; explicitFileType = wrapper.application; includeInIndex = 0; path = ToDoListUniversity_00.app; sourceTree = BUILT_PRODUCTS_DIR; };
		A64D6370297EEE9700873D4F /* ToDoListUniversity_00App.swift */ = {isa = PBXFileReference; lastKnownFileType = sourcecode.swift; path = ToDoListUniversity_00App.swift; sourceTree = "<group>"; };
		A64D6372297EEE9700873D4F /* ContentView.swift */ = {isa = PBXFileReference; lastKnownFileType = sourcecode.swift; path = ContentView.swift; sourceTree = "<group>"; };
		A64D6374297EEE9800873D4F /* Assets.xcassets */ = {isa = PBXFileReference; lastKnownFileType = folder.assetcatalog; path = Assets.xcassets; sourceTree = "<group>"; };
		A64D6377297EEE9800873D4F /* Preview Assets.xcassets */ = {isa = PBXFileReference; lastKnownFileType = folder.assetcatalog; path = "Preview Assets.xcassets"; sourceTree = "<group>"; };
		A64D637F297EEECE00873D4F /* CoreData.xcdatamodel */ = {isa = PBXFileReference; lastKnownFileType = wrapper.xcdatamodel; path = CoreData.xcdatamodel; sourceTree = "<group>"; };
		A64D6381297EEFF300873D4F /* DateController.swift */ = {isa = PBXFileReference; lastKnownFileType = sourcecode.swift; path = DateController.swift; sourceTree = "<group>"; };
		A6556A8B298069DB0057D44D /* CalendarView.swift */ = {isa = PBXFileReference; lastKnownFileType = sourcecode.swift; path = CalendarView.swift; sourceTree = "<group>"; };
		A6556A8D29806AD10057D44D /* FocuseView.swift */ = {isa = PBXFileReference; lastKnownFileType = sourcecode.swift; path = FocuseView.swift; sourceTree = "<group>"; };
		A6556A8F29806B430057D44D /* ProfileView.swift */ = {isa = PBXFileReference; lastKnownFileType = sourcecode.swift; path = ProfileView.swift; sourceTree = "<group>"; };
		A6556A9129807A9A0057D44D /* AddNewTaskView.swift */ = {isa = PBXFileReference; lastKnownFileType = sourcecode.swift; path = AddNewTaskView.swift; sourceTree = "<group>"; };
		A661FE5D29813341003F2823 /* ChangeView.swift */ = {isa = PBXFileReference; lastKnownFileType = sourcecode.swift; path = ChangeView.swift; sourceTree = "<group>"; };
		A661FE5F298136FD003F2823 /* TapBarView.swift */ = {isa = PBXFileReference; lastKnownFileType = sourcecode.swift; path = TapBarView.swift; sourceTree = "<group>"; };
		A67812F02982A9AF00F03783 /* CustomCornersView.swift */ = {isa = PBXFileReference; lastKnownFileType = sourcecode.swift; path = CustomCornersView.swift; sourceTree = "<group>"; };
		A6AF59742982F7D50091EC94 /* PriorityView.swift */ = {isa = PBXFileReference; lastKnownFileType = sourcecode.swift; path = PriorityView.swift; sourceTree = "<group>"; };
		A6C865A52985399C0011AF89 /* TaskItemsStruct.swift */ = {isa = PBXFileReference; lastKnownFileType = sourcecode.swift; path = TaskItemsStruct.swift; sourceTree = "<group>"; };
		A6C865A7298539B30011AF89 /* TaskItemsClass.swift */ = {isa = PBXFileReference; lastKnownFileType = sourcecode.swift; path = TaskItemsClass.swift; sourceTree = "<group>"; };
/* End PBXFileReference section */

/* Begin PBXFrameworksBuildPhase section */
		A64D636A297EEE9700873D4F /* Frameworks */ = {
			isa = PBXFrameworksBuildPhase;
			buildActionMask = 2147483647;
			files = (
			);
			runOnlyForDeploymentPostprocessing = 0;
		};
/* End PBXFrameworksBuildPhase section */

/* Begin PBXGroup section */
		A64D6364297EEE9700873D4F = {
			isa = PBXGroup;
			children = (
				A64D6370297EEE9700873D4F /* ToDoListUniversity_00App.swift */,
				A661FE6129813F3C003F2823 /* Models */,
				A64D6384297EF9D600873D4F /* ViewController */,
				A64D6383297EF8DF00873D4F /* Views */,
				A64D636F297EEE9700873D4F /* ToDoListUniversity_00 */,
				A64D636E297EEE9700873D4F /* Products */,
			);
			sourceTree = "<group>";
		};
		A64D636E297EEE9700873D4F /* Products */ = {
			isa = PBXGroup;
			children = (
				A64D636D297EEE9700873D4F /* ToDoListUniversity_00.app */,
			);
			name = Products;
			sourceTree = "<group>";
		};
		A64D636F297EEE9700873D4F /* ToDoListUniversity_00 */ = {
			isa = PBXGroup;
			children = (
				A64D6374297EEE9800873D4F /* Assets.xcassets */,
				A64D6376297EEE9800873D4F /* Preview Content */,
				A64D637E297EEECE00873D4F /* CoreData.xcdatamodeld */,
			);
			path = ToDoListUniversity_00;
			sourceTree = "<group>";
		};
		A64D6376297EEE9800873D4F /* Preview Content */ = {
			isa = PBXGroup;
			children = (
				A64D6377297EEE9800873D4F /* Preview Assets.xcassets */,
			);
			path = "Preview Content";
			sourceTree = "<group>";
		};
		A64D6383297EF8DF00873D4F /* Views */ = {
			isa = PBXGroup;
			children = (
				A64D6372297EEE9700873D4F /* ContentView.swift */,
				A6B0D9C3298461D000A70C54 /* TapBarViews */,
				A67812EF2982A94B00F03783 /* AuxiliaryView */,
			);
			path = Views;
			sourceTree = "<group>";
		};
		A64D6384297EF9D600873D4F /* ViewController */ = {
			isa = PBXGroup;
			children = (
				A64D6381297EEFF300873D4F /* DateController.swift */,
			);
			name = ViewController;
			sourceTree = "<group>";
		};
		A661FE6129813F3C003F2823 /* Models */ = {
			isa = PBXGroup;
			children = (
				A6C865A52985399C0011AF89 /* TaskItemsStruct.swift */,
				A6C865A7298539B30011AF89 /* TaskItemsClass.swift */,
			);
			path = Models;
			sourceTree = "<group>";
		};
		A67812EF2982A94B00F03783 /* AuxiliaryView */ = {
			isa = PBXGroup;
			children = (
				A661FE5D29813341003F2823 /* ChangeView.swift */,
				A67812F02982A9AF00F03783 /* CustomCornersView.swift */,
				A6AF59742982F7D50091EC94 /* PriorityView.swift */,
				A61C21C12983D20100A8B2F9 /* CategoryView.swift */,
			);
			path = AuxiliaryView;
			sourceTree = "<group>";
		};
		A6B0D9C3298461D000A70C54 /* TapBarViews */ = {
			isa = PBXGroup;
			children = (
				A661FE5F298136FD003F2823 /* TapBarView.swift */,
				A6556A9129807A9A0057D44D /* AddNewTaskView.swift */,
				A6556A8B298069DB0057D44D /* CalendarView.swift */,
				A6556A8D29806AD10057D44D /* FocuseView.swift */,
				A6556A8F29806B430057D44D /* ProfileView.swift */,
			);
			path = TapBarViews;
			sourceTree = "<group>";
		};
/* End PBXGroup section */

/* Begin PBXNativeTarget section */
		A64D636C297EEE9700873D4F /* ToDoListUniversity_00 */ = {
			isa = PBXNativeTarget;
			buildConfigurationList = A64D637B297EEE9800873D4F /* Build configuration list for PBXNativeTarget "ToDoListUniversity_00" */;
			buildPhases = (
				A64D6369297EEE9700873D4F /* Sources */,
				A64D636A297EEE9700873D4F /* Frameworks */,
				A64D636B297EEE9700873D4F /* Resources */,
			);
			buildRules = (
			);
			dependencies = (
			);
			name = ToDoListUniversity_00;
			productName = ToDoListUniversity_00;
			productReference = A64D636D297EEE9700873D4F /* ToDoListUniversity_00.app */;
			productType = "com.apple.product-type.application";
		};
/* End PBXNativeTarget section */

/* Begin PBXProject section */
		A64D6365297EEE9700873D4F /* Project object */ = {
			isa = PBXProject;
			attributes = {
				BuildIndependentTargetsInParallel = 1;
				LastSwiftUpdateCheck = 1420;
				LastUpgradeCheck = 1420;
				TargetAttributes = {
					A64D636C297EEE9700873D4F = {
						CreatedOnToolsVersion = 14.2;
					};
				};
			};
			buildConfigurationList = A64D6368297EEE9700873D4F /* Build configuration list for PBXProject "ToDoListUniversity_00" */;
			compatibilityVersion = "Xcode 14.0";
			developmentRegion = en;
			hasScannedForEncodings = 0;
			knownRegions = (
				en,
				Base,
			);
			mainGroup = A64D6364297EEE9700873D4F;
			productRefGroup = A64D636E297EEE9700873D4F /* Products */;
			projectDirPath = "";
			projectRoot = "";
			targets = (
				A64D636C297EEE9700873D4F /* ToDoListUniversity_00 */,
			);
		};
/* End PBXProject section */

/* Begin PBXResourcesBuildPhase section */
		A64D636B297EEE9700873D4F /* Resources */ = {
			isa = PBXResourcesBuildPhase;
			buildActionMask = 2147483647;
			files = (
				A64D6378297EEE9800873D4F /* Preview Assets.xcassets in Resources */,
				A64D6375297EEE9800873D4F /* Assets.xcassets in Resources */,
			);
			runOnlyForDeploymentPostprocessing = 0;
		};
/* End PBXResourcesBuildPhase section */

/* Begin PBXSourcesBuildPhase section */
		A64D6369297EEE9700873D4F /* Sources */ = {
			isa = PBXSourcesBuildPhase;
			buildActionMask = 2147483647;
			files = (
				A6556A8C298069DB0057D44D /* CalendarView.swift in Sources */,
				A6556A9229807A9A0057D44D /* AddNewTaskView.swift in Sources */,
				A6C865A62985399C0011AF89 /* TaskItemsStruct.swift in Sources */,
				A6C865A8298539B30011AF89 /* TaskItemsClass.swift in Sources */,
				A6AF59752982F7D50091EC94 /* PriorityView.swift in Sources */,
				A661FE60298136FD003F2823 /* TapBarView.swift in Sources */,
				A6556A8E29806AD10057D44D /* FocuseView.swift in Sources */,
				A64D6373297EEE9700873D4F /* ContentView.swift in Sources */,
				A661FE5E29813341003F2823 /* ChangeView.swift in Sources */,
				A64D6382297EEFF300873D4F /* DateController.swift in Sources */,
				A67812F12982A9AF00F03783 /* CustomCornersView.swift in Sources */,
				A64D6371297EEE9700873D4F /* ToDoListUniversity_00App.swift in Sources */,
				A6556A9029806B430057D44D /* ProfileView.swift in Sources */,
				A64D6380297EEECE00873D4F /* CoreData.xcdatamodeld in Sources */,
				A61C21C22983D20100A8B2F9 /* CategoryView.swift in Sources */,
			);
			runOnlyForDeploymentPostprocessing = 0;
		};
/* End PBXSourcesBuildPhase section */

/* Begin XCBuildConfiguration section */
		A64D6379297EEE9800873D4F /* Debug */ = {
			isa = XCBuildConfiguration;
			buildSettings = {
				ALWAYS_SEARCH_USER_PATHS = NO;
				CLANG_ANALYZER_NONNULL = YES;
				CLANG_ANALYZER_NUMBER_OBJECT_CONVERSION = YES_AGGRESSIVE;
				CLANG_CXX_LANGUAGE_STANDARD = "gnu++20";
				CLANG_ENABLE_MODULES = YES;
				CLANG_ENABLE_OBJC_ARC = YES;
				CLANG_ENABLE_OBJC_WEAK = YES;
				CLANG_WARN_BLOCK_CAPTURE_AUTORELEASING = YES;
				CLANG_WARN_BOOL_CONVERSION = YES;
				CLANG_WARN_COMMA = YES;
				CLANG_WARN_CONSTANT_CONVERSION = YES;
				CLANG_WARN_DEPRECATED_OBJC_IMPLEMENTATIONS = YES;
				CLANG_WARN_DIRECT_OBJC_ISA_USAGE = YES_ERROR;
				CLANG_WARN_DOCUMENTATION_COMMENTS = YES;
				CLANG_WARN_EMPTY_BODY = YES;
				CLANG_WARN_ENUM_CONVERSION = YES;
				CLANG_WARN_INFINITE_RECURSION = YES;
				CLANG_WARN_INT_CONVERSION = YES;
				CLANG_WARN_NON_LITERAL_NULL_CONVERSION = YES;
				CLANG_WARN_OBJC_IMPLICIT_RETAIN_SELF = YES;
				CLANG_WARN_OBJC_LITERAL_CONVERSION = YES;
				CLANG_WARN_OBJC_ROOT_CLASS = YES_ERROR;
				CLANG_WARN_QUOTED_INCLUDE_IN_FRAMEWORK_HEADER = YES;
				CLANG_WARN_RANGE_LOOP_ANALYSIS = YES;
				CLANG_WARN_STRICT_PROTOTYPES = YES;
				CLANG_WARN_SUSPICIOUS_MOVE = YES;
				CLANG_WARN_UNGUARDED_AVAILABILITY = YES_AGGRESSIVE;
				CLANG_WARN_UNREACHABLE_CODE = YES;
				CLANG_WARN__DUPLICATE_METHOD_MATCH = YES;
				COPY_PHASE_STRIP = NO;
				DEBUG_INFORMATION_FORMAT = dwarf;
				ENABLE_STRICT_OBJC_MSGSEND = YES;
				ENABLE_TESTABILITY = YES;
				GCC_C_LANGUAGE_STANDARD = gnu11;
				GCC_DYNAMIC_NO_PIC = NO;
				GCC_NO_COMMON_BLOCKS = YES;
				GCC_OPTIMIZATION_LEVEL = 0;
				GCC_PREPROCESSOR_DEFINITIONS = (
					"DEBUG=1",
					"$(inherited)",
				);
				GCC_WARN_64_TO_32_BIT_CONVERSION = YES;
				GCC_WARN_ABOUT_RETURN_TYPE = YES_ERROR;
				GCC_WARN_UNDECLARED_SELECTOR = YES;
				GCC_WARN_UNINITIALIZED_AUTOS = YES_AGGRESSIVE;
				GCC_WARN_UNUSED_FUNCTION = YES;
				GCC_WARN_UNUSED_VARIABLE = YES;
				IPHONEOS_DEPLOYMENT_TARGET = 16.2;
				MTL_ENABLE_DEBUG_INFO = INCLUDE_SOURCE;
				MTL_FAST_MATH = YES;
				ONLY_ACTIVE_ARCH = YES;
				SDKROOT = iphoneos;
				SWIFT_ACTIVE_COMPILATION_CONDITIONS = DEBUG;
				SWIFT_OPTIMIZATION_LEVEL = "-Onone";
			};
			name = Debug;
		};
		A64D637A297EEE9800873D4F /* Release */ = {
			isa = XCBuildConfiguration;
			buildSettings = {
				ALWAYS_SEARCH_USER_PATHS = NO;
				CLANG_ANALYZER_NONNULL = YES;
				CLANG_ANALYZER_NUMBER_OBJECT_CONVERSION = YES_AGGRESSIVE;
				CLANG_CXX_LANGUAGE_STANDARD = "gnu++20";
				CLANG_ENABLE_MODULES = YES;
				CLANG_ENABLE_OBJC_ARC = YES;
				CLANG_ENABLE_OBJC_WEAK = YES;
				CLANG_WARN_BLOCK_CAPTURE_AUTORELEASING = YES;
				CLANG_WARN_BOOL_CONVERSION = YES;
				CLANG_WARN_COMMA = YES;
				CLANG_WARN_CONSTANT_CONVERSION = YES;
				CLANG_WARN_DEPRECATED_OBJC_IMPLEMENTATIONS = YES;
				CLANG_WARN_DIRECT_OBJC_ISA_USAGE = YES_ERROR;
				CLANG_WARN_DOCUMENTATION_COMMENTS = YES;
				CLANG_WARN_EMPTY_BODY = YES;
				CLANG_WARN_ENUM_CONVERSION = YES;
				CLANG_WARN_INFINITE_RECURSION = YES;
				CLANG_WARN_INT_CONVERSION = YES;
				CLANG_WARN_NON_LITERAL_NULL_CONVERSION = YES;
				CLANG_WARN_OBJC_IMPLICIT_RETAIN_SELF = YES;
				CLANG_WARN_OBJC_LITERAL_CONVERSION = YES;
				CLANG_WARN_OBJC_ROOT_CLASS = YES_ERROR;
				CLANG_WARN_QUOTED_INCLUDE_IN_FRAMEWORK_HEADER = YES;
				CLANG_WARN_RANGE_LOOP_ANALYSIS = YES;
				CLANG_WARN_STRICT_PROTOTYPES = YES;
				CLANG_WARN_SUSPICIOUS_MOVE = YES;
				CLANG_WARN_UNGUARDED_AVAILABILITY = YES_AGGRESSIVE;
				CLANG_WARN_UNREACHABLE_CODE = YES;
				CLANG_WARN__DUPLICATE_METHOD_MATCH = YES;
				COPY_PHASE_STRIP = NO;
				DEBUG_INFORMATION_FORMAT = "dwarf-with-dsym";
				ENABLE_NS_ASSERTIONS = NO;
				ENABLE_STRICT_OBJC_MSGSEND = YES;
				GCC_C_LANGUAGE_STANDARD = gnu11;
				GCC_NO_COMMON_BLOCKS = YES;
				GCC_WARN_64_TO_32_BIT_CONVERSION = YES;
				GCC_WARN_ABOUT_RETURN_TYPE = YES_ERROR;
				GCC_WARN_UNDECLARED_SELECTOR = YES;
				GCC_WARN_UNINITIALIZED_AUTOS = YES_AGGRESSIVE;
				GCC_WARN_UNUSED_FUNCTION = YES;
				GCC_WARN_UNUSED_VARIABLE = YES;
				IPHONEOS_DEPLOYMENT_TARGET = 16.2;
				MTL_ENABLE_DEBUG_INFO = NO;
				MTL_FAST_MATH = YES;
				SDKROOT = iphoneos;
				SWIFT_COMPILATION_MODE = wholemodule;
				SWIFT_OPTIMIZATION_LEVEL = "-O";
				VALIDATE_PRODUCT = YES;
			};
			name = Release;
		};
		A64D637C297EEE9800873D4F /* Debug */ = {
			isa = XCBuildConfiguration;
			buildSettings = {
				ASSETCATALOG_COMPILER_APPICON_NAME = AppIcon;
				ASSETCATALOG_COMPILER_GLOBAL_ACCENT_COLOR_NAME = AccentColor;
				CODE_SIGN_STYLE = Automatic;
				CURRENT_PROJECT_VERSION = 1;
				DEVELOPMENT_ASSET_PATHS = "\"ToDoListUniversity_00/Preview Content\"";
				DEVELOPMENT_TEAM = 944K4M9L9M;
				ENABLE_PREVIEWS = YES;
				GENERATE_INFOPLIST_FILE = YES;
				INFOPLIST_KEY_UIApplicationSceneManifest_Generation = YES;
				INFOPLIST_KEY_UIApplicationSupportsIndirectInputEvents = YES;
				INFOPLIST_KEY_UILaunchScreen_Generation = YES;
				INFOPLIST_KEY_UISupportedInterfaceOrientations_iPad = "UIInterfaceOrientationPortrait UIInterfaceOrientationPortraitUpsideDown UIInterfaceOrientationLandscapeLeft UIInterfaceOrientationLandscapeRight";
				INFOPLIST_KEY_UISupportedInterfaceOrientations_iPhone = "UIInterfaceOrientationPortrait UIInterfaceOrientationLandscapeLeft UIInterfaceOrientationLandscapeRight";
				LD_RUNPATH_SEARCH_PATHS = (
					"$(inherited)",
					"@executable_path/Frameworks",
				);
				MARKETING_VERSION = 1.0;
				PRODUCT_BUNDLE_IDENTIFIER = "learn-ios.ToDoListUniversity-00";
				PRODUCT_NAME = "$(TARGET_NAME)";
				SWIFT_EMIT_LOC_STRINGS = YES;
				SWIFT_VERSION = 5.0;
				TARGETED_DEVICE_FAMILY = "1,2";
			};
			name = Debug;
		};
		A64D637D297EEE9800873D4F /* Release */ = {
			isa = XCBuildConfiguration;
			buildSettings = {
				ASSETCATALOG_COMPILER_APPICON_NAME = AppIcon;
				ASSETCATALOG_COMPILER_GLOBAL_ACCENT_COLOR_NAME = AccentColor;
				CODE_SIGN_STYLE = Automatic;
				CURRENT_PROJECT_VERSION = 1;
				DEVELOPMENT_ASSET_PATHS = "\"ToDoListUniversity_00/Preview Content\"";
				DEVELOPMENT_TEAM = 944K4M9L9M;
				ENABLE_PREVIEWS = YES;
				GENERATE_INFOPLIST_FILE = YES;
				INFOPLIST_KEY_UIApplicationSceneManifest_Generation = YES;
				INFOPLIST_KEY_UIApplicationSupportsIndirectInputEvents = YES;
				INFOPLIST_KEY_UILaunchScreen_Generation = YES;
				INFOPLIST_KEY_UISupportedInterfaceOrientations_iPad = "UIInterfaceOrientationPortrait UIInterfaceOrientationPortraitUpsideDown UIInterfaceOrientationLandscapeLeft UIInterfaceOrientationLandscapeRight";
				INFOPLIST_KEY_UISupportedInterfaceOrientations_iPhone = "UIInterfaceOrientationPortrait UIInterfaceOrientationLandscapeLeft UIInterfaceOrientationLandscapeRight";
				LD_RUNPATH_SEARCH_PATHS = (
					"$(inherited)",
					"@executable_path/Frameworks",
				);
				MARKETING_VERSION = 1.0;
				PRODUCT_BUNDLE_IDENTIFIER = "learn-ios.ToDoListUniversity-00";
				PRODUCT_NAME = "$(TARGET_NAME)";
				SWIFT_EMIT_LOC_STRINGS = YES;
				SWIFT_VERSION = 5.0;
				TARGETED_DEVICE_FAMILY = "1,2";
			};
			name = Release;
		};
/* End XCBuildConfiguration section */

/* Begin XCConfigurationList section */
		A64D6368297EEE9700873D4F /* Build configuration list for PBXProject "ToDoListUniversity_00" */ = {
			isa = XCConfigurationList;
			buildConfigurations = (
				A64D6379297EEE9800873D4F /* Debug */,
				A64D637A297EEE9800873D4F /* Release */,
			);
			defaultConfigurationIsVisible = 0;
			defaultConfigurationName = Release;
		};
		A64D637B297EEE9800873D4F /* Build configuration list for PBXNativeTarget "ToDoListUniversity_00" */ = {
			isa = XCConfigurationList;
			buildConfigurations = (
				A64D637C297EEE9800873D4F /* Debug */,
				A64D637D297EEE9800873D4F /* Release */,
			);
			defaultConfigurationIsVisible = 0;
			defaultConfigurationName = Release;
		};
/* End XCConfigurationList section */

/* Begin XCVersionGroup section */
		A64D637E297EEECE00873D4F /* CoreData.xcdatamodeld */ = {
			isa = XCVersionGroup;
			children = (
				A64D637F297EEECE00873D4F /* CoreData.xcdatamodel */,
			);
			currentVersion = A64D637F297EEECE00873D4F /* CoreData.xcdatamodel */;
			path = CoreData.xcdatamodeld;
			sourceTree = "<group>";
			versionGroupType = wrapper.xcdatamodel;
		};
/* End XCVersionGroup section */
	};
	rootObject = A64D6365297EEE9700873D4F /* Project object */;
}
