// !$*UTF8*$!
{
	archiveVersion = 1;
	classes = {
	};
	objectVersion = 56;
	objects = {

/* Begin PBXBuildFile section */
		A6311038296AD480005A8D61 /* gamersNameChange.swift in Sources */ = {isa = PBXBuildFile; fileRef = A6311037296AD480005A8D61 /* gamersNameChange.swift */; };
		A685CF20296415D800778AD3 /* game_01App.swift in Sources */ = {isa = PBXBuildFile; fileRef = A685CF1F296415D800778AD3 /* game_01App.swift */; };
		A685CF22296415D800778AD3 /* mainView.swift in Sources */ = {isa = PBXBuildFile; fileRef = A685CF21296415D800778AD3 /* mainView.swift */; };
		A685CF24296415D900778AD3 /* Assets.xcassets in Resources */ = {isa = PBXBuildFile; fileRef = A685CF23296415D900778AD3 /* Assets.xcassets */; };
		A685CF27296415D900778AD3 /* Preview Assets.xcassets in Resources */ = {isa = PBXBuildFile; fileRef = A685CF26296415D900778AD3 /* Preview Assets.xcassets */; };
		A685CF2E2964298C00778AD3 /* gameSettings.swift in Sources */ = {isa = PBXBuildFile; fileRef = A685CF2D2964298C00778AD3 /* gameSettings.swift */; };
		A685CF302964705900778AD3 /* startGame.swift in Sources */ = {isa = PBXBuildFile; fileRef = A685CF2F2964705900778AD3 /* startGame.swift */; };
		A685CF352964752100778AD3 /* settings.swift in Sources */ = {isa = PBXBuildFile; fileRef = A685CF342964752100778AD3 /* settings.swift */; };
/* End PBXBuildFile section */

/* Begin PBXFileReference section */
		A6311037296AD480005A8D61 /* gamersNameChange.swift */ = {isa = PBXFileReference; lastKnownFileType = sourcecode.swift; path = gamersNameChange.swift; sourceTree = "<group>"; };
		A685CF1C296415D800778AD3 /* game_01.app */ = {isa = PBXFileReference; explicitFileType = wrapper.application; includeInIndex = 0; path = game_01.app; sourceTree = BUILT_PRODUCTS_DIR; };
		A685CF1F296415D800778AD3 /* game_01App.swift */ = {isa = PBXFileReference; lastKnownFileType = sourcecode.swift; path = game_01App.swift; sourceTree = "<group>"; };
		A685CF21296415D800778AD3 /* mainView.swift */ = {isa = PBXFileReference; lastKnownFileType = sourcecode.swift; path = mainView.swift; sourceTree = "<group>"; };
		A685CF23296415D900778AD3 /* Assets.xcassets */ = {isa = PBXFileReference; lastKnownFileType = folder.assetcatalog; path = Assets.xcassets; sourceTree = "<group>"; };
		A685CF26296415D900778AD3 /* Preview Assets.xcassets */ = {isa = PBXFileReference; lastKnownFileType = folder.assetcatalog; path = "Preview Assets.xcassets"; sourceTree = "<group>"; };
		A685CF2D2964298C00778AD3 /* gameSettings.swift */ = {isa = PBXFileReference; lastKnownFileType = sourcecode.swift; path = gameSettings.swift; sourceTree = "<group>"; };
		A685CF2F2964705900778AD3 /* startGame.swift */ = {isa = PBXFileReference; lastKnownFileType = sourcecode.swift; path = startGame.swift; sourceTree = "<group>"; };
		A685CF342964752100778AD3 /* settings.swift */ = {isa = PBXFileReference; lastKnownFileType = sourcecode.swift; path = settings.swift; sourceTree = "<group>"; };
/* End PBXFileReference section */

/* Begin PBXFrameworksBuildPhase section */
		A685CF19296415D800778AD3 /* Frameworks */ = {
			isa = PBXFrameworksBuildPhase;
			buildActionMask = 2147483647;
			files = (
			);
			runOnlyForDeploymentPostprocessing = 0;
		};
/* End PBXFrameworksBuildPhase section */

/* Begin PBXGroup section */
		A685CF13296415D800778AD3 = {
			isa = PBXGroup;
			children = (
				A685CF1E296415D800778AD3 /* game_01 */,
				A685CF1D296415D800778AD3 /* Products */,
			);
			sourceTree = "<group>";
		};
		A685CF1D296415D800778AD3 /* Products */ = {
			isa = PBXGroup;
			children = (
				A685CF1C296415D800778AD3 /* game_01.app */,
			);
			name = Products;
			sourceTree = "<group>";
		};
		A685CF1E296415D800778AD3 /* game_01 */ = {
			isa = PBXGroup;
			children = (
				A685CF31296474A400778AD3 /* model */,
				A685CF32296474B200778AD3 /* view */,
				A685CF33296474BB00778AD3 /* controller */,
				A685CF23296415D900778AD3 /* Assets.xcassets */,
				A685CF25296415D900778AD3 /* Preview Content */,
			);
			path = game_01;
			sourceTree = "<group>";
		};
		A685CF25296415D900778AD3 /* Preview Content */ = {
			isa = PBXGroup;
			children = (
				A685CF26296415D900778AD3 /* Preview Assets.xcassets */,
			);
			path = "Preview Content";
			sourceTree = "<group>";
		};
		A685CF31296474A400778AD3 /* model */ = {
			isa = PBXGroup;
			children = (
				A685CF342964752100778AD3 /* settings.swift */,
			);
			path = model;
			sourceTree = "<group>";
		};
		A685CF32296474B200778AD3 /* view */ = {
			isa = PBXGroup;
			children = (
				A685CF21296415D800778AD3 /* mainView.swift */,
				A685CF2D2964298C00778AD3 /* gameSettings.swift */,
				A6311037296AD480005A8D61 /* gamersNameChange.swift */,
				A685CF2F2964705900778AD3 /* startGame.swift */,
			);
			path = view;
			sourceTree = "<group>";
		};
		A685CF33296474BB00778AD3 /* controller */ = {
			isa = PBXGroup;
			children = (
				A685CF1F296415D800778AD3 /* game_01App.swift */,
			);
			path = controller;
			sourceTree = "<group>";
		};
/* End PBXGroup section */

/* Begin PBXNativeTarget section */
		A685CF1B296415D800778AD3 /* game_01 */ = {
			isa = PBXNativeTarget;
			buildConfigurationList = A685CF2A296415D900778AD3 /* Build configuration list for PBXNativeTarget "game_01" */;
			buildPhases = (
				A685CF18296415D800778AD3 /* Sources */,
				A685CF19296415D800778AD3 /* Frameworks */,
				A685CF1A296415D800778AD3 /* Resources */,
			);
			buildRules = (
			);
			dependencies = (
			);
			name = game_01;
			productName = game_01;
			productReference = A685CF1C296415D800778AD3 /* game_01.app */;
			productType = "com.apple.product-type.application";
		};
/* End PBXNativeTarget section */

/* Begin PBXProject section */
		A685CF14296415D800778AD3 /* Project object */ = {
			isa = PBXProject;
			attributes = {
				BuildIndependentTargetsInParallel = 1;
				LastSwiftUpdateCheck = 1400;
				LastUpgradeCheck = 1400;
				TargetAttributes = {
					A685CF1B296415D800778AD3 = {
						CreatedOnToolsVersion = 14.0.1;
					};
				};
			};
			buildConfigurationList = A685CF17296415D800778AD3 /* Build configuration list for PBXProject "game_01" */;
			compatibilityVersion = "Xcode 14.0";
			developmentRegion = en;
			hasScannedForEncodings = 0;
			knownRegions = (
				en,
				Base,
			);
			mainGroup = A685CF13296415D800778AD3;
			productRefGroup = A685CF1D296415D800778AD3 /* Products */;
			projectDirPath = "";
			projectRoot = "";
			targets = (
				A685CF1B296415D800778AD3 /* game_01 */,
			);
		};
/* End PBXProject section */

/* Begin PBXResourcesBuildPhase section */
		A685CF1A296415D800778AD3 /* Resources */ = {
			isa = PBXResourcesBuildPhase;
			buildActionMask = 2147483647;
			files = (
				A685CF27296415D900778AD3 /* Preview Assets.xcassets in Resources */,
				A685CF24296415D900778AD3 /* Assets.xcassets in Resources */,
			);
			runOnlyForDeploymentPostprocessing = 0;
		};
/* End PBXResourcesBuildPhase section */

/* Begin PBXSourcesBuildPhase section */
		A685CF18296415D800778AD3 /* Sources */ = {
			isa = PBXSourcesBuildPhase;
			buildActionMask = 2147483647;
			files = (
				A685CF22296415D800778AD3 /* mainView.swift in Sources */,
				A685CF20296415D800778AD3 /* game_01App.swift in Sources */,
				A685CF302964705900778AD3 /* startGame.swift in Sources */,
				A6311038296AD480005A8D61 /* gamersNameChange.swift in Sources */,
				A685CF2E2964298C00778AD3 /* gameSettings.swift in Sources */,
				A685CF352964752100778AD3 /* settings.swift in Sources */,
			);
			runOnlyForDeploymentPostprocessing = 0;
		};
/* End PBXSourcesBuildPhase section */

/* Begin XCBuildConfiguration section */
		A685CF28296415D900778AD3 /* Debug */ = {
			isa = XCBuildConfiguration;
			buildSettings = {
				ALWAYS_SEARCH_USER_PATHS = NO;
				CLANG_ANALYZER_NONNULL = YES;
				CLANG_ANALYZER_NUMBER_OBJECT_CONVERSION = YES_AGGRESSIVE;
				CLANG_CXX_LANGUAGE_STANDARD = "gnu++20";
				CLANG_ENABLE_MODULES = YES;
				CLANG_ENABLE_OBJC_ARC = YES;
				CLANG_ENABLE_OBJC_WEAK = YES;
				CLANG_WARN_BLOCK_CAPTURE_AUTORELEASING = YES;
				CLANG_WARN_BOOL_CONVERSION = YES;
				CLANG_WARN_COMMA = YES;
				CLANG_WARN_CONSTANT_CONVERSION = YES;
				CLANG_WARN_DEPRECATED_OBJC_IMPLEMENTATIONS = YES;
				CLANG_WARN_DIRECT_OBJC_ISA_USAGE = YES_ERROR;
				CLANG_WARN_DOCUMENTATION_COMMENTS = YES;
				CLANG_WARN_EMPTY_BODY = YES;
				CLANG_WARN_ENUM_CONVERSION = YES;
				CLANG_WARN_INFINITE_RECURSION = YES;
				CLANG_WARN_INT_CONVERSION = YES;
				CLANG_WARN_NON_LITERAL_NULL_CONVERSION = YES;
				CLANG_WARN_OBJC_IMPLICIT_RETAIN_SELF = YES;
				CLANG_WARN_OBJC_LITERAL_CONVERSION = YES;
				CLANG_WARN_OBJC_ROOT_CLASS = YES_ERROR;
				CLANG_WARN_QUOTED_INCLUDE_IN_FRAMEWORK_HEADER = YES;
				CLANG_WARN_RANGE_LOOP_ANALYSIS = YES;
				CLANG_WARN_STRICT_PROTOTYPES = YES;
				CLANG_WARN_SUSPICIOUS_MOVE = YES;
				CLANG_WARN_UNGUARDED_AVAILABILITY = YES_AGGRESSIVE;
				CLANG_WARN_UNREACHABLE_CODE = YES;
				CLANG_WARN__DUPLICATE_METHOD_MATCH = YES;
				COPY_PHASE_STRIP = NO;
				DEBUG_INFORMATION_FORMAT = dwarf;
				ENABLE_STRICT_OBJC_MSGSEND = YES;
				ENABLE_TESTABILITY = YES;
				GCC_C_LANGUAGE_STANDARD = gnu11;
				GCC_DYNAMIC_NO_PIC = NO;
				GCC_NO_COMMON_BLOCKS = YES;
				GCC_OPTIMIZATION_LEVEL = 0;
				GCC_PREPROCESSOR_DEFINITIONS = (
					"DEBUG=1",
					"$(inherited)",
				);
				GCC_WARN_64_TO_32_BIT_CONVERSION = YES;
				GCC_WARN_ABOUT_RETURN_TYPE = YES_ERROR;
				GCC_WARN_UNDECLARED_SELECTOR = YES;
				GCC_WARN_UNINITIALIZED_AUTOS = YES_AGGRESSIVE;
				GCC_WARN_UNUSED_FUNCTION = YES;
				GCC_WARN_UNUSED_VARIABLE = YES;
				IPHONEOS_DEPLOYMENT_TARGET = 16.0;
				MTL_ENABLE_DEBUG_INFO = INCLUDE_SOURCE;
				MTL_FAST_MATH = YES;
				ONLY_ACTIVE_ARCH = YES;
				SDKROOT = iphoneos;
				SWIFT_ACTIVE_COMPILATION_CONDITIONS = DEBUG;
				SWIFT_OPTIMIZATION_LEVEL = "-Onone";
			};
			name = Debug;
		};
		A685CF29296415D900778AD3 /* Release */ = {
			isa = XCBuildConfiguration;
			buildSettings = {
				ALWAYS_SEARCH_USER_PATHS = NO;
				CLANG_ANALYZER_NONNULL = YES;
				CLANG_ANALYZER_NUMBER_OBJECT_CONVERSION = YES_AGGRESSIVE;
				CLANG_CXX_LANGUAGE_STANDARD = "gnu++20";
				CLANG_ENABLE_MODULES = YES;
				CLANG_ENABLE_OBJC_ARC = YES;
				CLANG_ENABLE_OBJC_WEAK = YES;
				CLANG_WARN_BLOCK_CAPTURE_AUTORELEASING = YES;
				CLANG_WARN_BOOL_CONVERSION = YES;
				CLANG_WARN_COMMA = YES;
				CLANG_WARN_CONSTANT_CONVERSION = YES;
				CLANG_WARN_DEPRECATED_OBJC_IMPLEMENTATIONS = YES;
				CLANG_WARN_DIRECT_OBJC_ISA_USAGE = YES_ERROR;
				CLANG_WARN_DOCUMENTATION_COMMENTS = YES;
				CLANG_WARN_EMPTY_BODY = YES;
				CLANG_WARN_ENUM_CONVERSION = YES;
				CLANG_WARN_INFINITE_RECURSION = YES;
				CLANG_WARN_INT_CONVERSION = YES;
				CLANG_WARN_NON_LITERAL_NULL_CONVERSION = YES;
				CLANG_WARN_OBJC_IMPLICIT_RETAIN_SELF = YES;
				CLANG_WARN_OBJC_LITERAL_CONVERSION = YES;
				CLANG_WARN_OBJC_ROOT_CLASS = YES_ERROR;
				CLANG_WARN_QUOTED_INCLUDE_IN_FRAMEWORK_HEADER = YES;
				CLANG_WARN_RANGE_LOOP_ANALYSIS = YES;
				CLANG_WARN_STRICT_PROTOTYPES = YES;
				CLANG_WARN_SUSPICIOUS_MOVE = YES;
				CLANG_WARN_UNGUARDED_AVAILABILITY = YES_AGGRESSIVE;
				CLANG_WARN_UNREACHABLE_CODE = YES;
				CLANG_WARN__DUPLICATE_METHOD_MATCH = YES;
				COPY_PHASE_STRIP = NO;
				DEBUG_INFORMATION_FORMAT = "dwarf-with-dsym";
				ENABLE_NS_ASSERTIONS = NO;
				ENABLE_STRICT_OBJC_MSGSEND = YES;
				GCC_C_LANGUAGE_STANDARD = gnu11;
				GCC_NO_COMMON_BLOCKS = YES;
				GCC_WARN_64_TO_32_BIT_CONVERSION = YES;
				GCC_WARN_ABOUT_RETURN_TYPE = YES_ERROR;
				GCC_WARN_UNDECLARED_SELECTOR = YES;
				GCC_WARN_UNINITIALIZED_AUTOS = YES_AGGRESSIVE;
				GCC_WARN_UNUSED_FUNCTION = YES;
				GCC_WARN_UNUSED_VARIABLE = YES;
				IPHONEOS_DEPLOYMENT_TARGET = 16.0;
				MTL_ENABLE_DEBUG_INFO = NO;
				MTL_FAST_MATH = YES;
				SDKROOT = iphoneos;
				SWIFT_COMPILATION_MODE = wholemodule;
				SWIFT_OPTIMIZATION_LEVEL = "-O";
				VALIDATE_PRODUCT = YES;
			};
			name = Release;
		};
		A685CF2B296415D900778AD3 /* Debug */ = {
			isa = XCBuildConfiguration;
			buildSettings = {
				ASSETCATALOG_COMPILER_APPICON_NAME = AppIcon;
				ASSETCATALOG_COMPILER_GLOBAL_ACCENT_COLOR_NAME = AccentColor;
				CODE_SIGN_STYLE = Automatic;
				CURRENT_PROJECT_VERSION = 1;
				DEVELOPMENT_ASSET_PATHS = "\"game_01/Preview Content\"";
				DEVELOPMENT_TEAM = 944K4M9L9M;
				ENABLE_PREVIEWS = YES;
				GENERATE_INFOPLIST_FILE = YES;
				INFOPLIST_KEY_UIApplicationSceneManifest_Generation = YES;
				INFOPLIST_KEY_UIApplicationSupportsIndirectInputEvents = YES;
				INFOPLIST_KEY_UILaunchScreen_Generation = YES;
				INFOPLIST_KEY_UISupportedInterfaceOrientations_iPad = "UIInterfaceOrientationPortrait UIInterfaceOrientationPortraitUpsideDown UIInterfaceOrientationLandscapeLeft UIInterfaceOrientationLandscapeRight";
				INFOPLIST_KEY_UISupportedInterfaceOrientations_iPhone = "UIInterfaceOrientationPortrait UIInterfaceOrientationLandscapeLeft UIInterfaceOrientationLandscapeRight";
				LD_RUNPATH_SEARCH_PATHS = (
					"$(inherited)",
					"@executable_path/Frameworks",
				);
				MARKETING_VERSION = 1.0;
				PRODUCT_BUNDLE_IDENTIFIER = "learn-ios.game-01";
				PRODUCT_NAME = "$(TARGET_NAME)";
				SWIFT_EMIT_LOC_STRINGS = YES;
				SWIFT_VERSION = 5.0;
				TARGETED_DEVICE_FAMILY = "1,2";
			};
			name = Debug;
		};
		A685CF2C296415D900778AD3 /* Release */ = {
			isa = XCBuildConfiguration;
			buildSettings = {
				ASSETCATALOG_COMPILER_APPICON_NAME = AppIcon;
				ASSETCATALOG_COMPILER_GLOBAL_ACCENT_COLOR_NAME = AccentColor;
				CODE_SIGN_STYLE = Automatic;
				CURRENT_PROJECT_VERSION = 1;
				DEVELOPMENT_ASSET_PATHS = "\"game_01/Preview Content\"";
				DEVELOPMENT_TEAM = 944K4M9L9M;
				ENABLE_PREVIEWS = YES;
				GENERATE_INFOPLIST_FILE = YES;
				INFOPLIST_KEY_UIApplicationSceneManifest_Generation = YES;
				INFOPLIST_KEY_UIApplicationSupportsIndirectInputEvents = YES;
				INFOPLIST_KEY_UILaunchScreen_Generation = YES;
				INFOPLIST_KEY_UISupportedInterfaceOrientations_iPad = "UIInterfaceOrientationPortrait UIInterfaceOrientationPortraitUpsideDown UIInterfaceOrientationLandscapeLeft UIInterfaceOrientationLandscapeRight";
				INFOPLIST_KEY_UISupportedInterfaceOrientations_iPhone = "UIInterfaceOrientationPortrait UIInterfaceOrientationLandscapeLeft UIInterfaceOrientationLandscapeRight";
				LD_RUNPATH_SEARCH_PATHS = (
					"$(inherited)",
					"@executable_path/Frameworks",
				);
				MARKETING_VERSION = 1.0;
				PRODUCT_BUNDLE_IDENTIFIER = "learn-ios.game-01";
				PRODUCT_NAME = "$(TARGET_NAME)";
				SWIFT_EMIT_LOC_STRINGS = YES;
				SWIFT_VERSION = 5.0;
				TARGETED_DEVICE_FAMILY = "1,2";
			};
			name = Release;
		};
/* End XCBuildConfiguration section */

/* Begin XCConfigurationList section */
		A685CF17296415D800778AD3 /* Build configuration list for PBXProject "game_01" */ = {
			isa = XCConfigurationList;
			buildConfigurations = (
				A685CF28296415D900778AD3 /* Debug */,
				A685CF29296415D900778AD3 /* Release */,
			);
			defaultConfigurationIsVisible = 0;
			defaultConfigurationName = Release;
		};
		A685CF2A296415D900778AD3 /* Build configuration list for PBXNativeTarget "game_01" */ = {
			isa = XCConfigurationList;
			buildConfigurations = (
				A685CF2B296415D900778AD3 /* Debug */,
				A685CF2C296415D900778AD3 /* Release */,
			);
			defaultConfigurationIsVisible = 0;
			defaultConfigurationName = Release;
		};
/* End XCConfigurationList section */
	};
	rootObject = A685CF14296415D800778AD3 /* Project object */;
}
