// !$*UTF8*$!
{
	archiveVersion = 1;
	classes = {
	};
	objectVersion = 56;
	objects = {

/* Begin PBXBuildFile section */
		A62F6568298A85C4000A966C /* TaskAllinformation.swift in Sources */ = {isa = PBXBuildFile; fileRef = A62F6567298A85C4000A966C /* TaskAllinformation.swift */; };
		A62F656B298ABE58000A966C /* DataModel.xcdatamodeld in Sources */ = {isa = PBXBuildFile; fileRef = A62F6569298ABE58000A966C /* DataModel.xcdatamodeld */; };
		A62F656D298ABF1A000A966C /* DataController.swift in Sources */ = {isa = PBXBuildFile; fileRef = A62F656C298ABF1A000A966C /* DataController.swift */; };
		A66ADE85298853680034972E /* FocuseView.swift in Sources */ = {isa = PBXBuildFile; fileRef = A66ADE84298853680034972E /* FocuseView.swift */; };
		A66F9156298592FE0046D166 /* todoUni_03App.swift in Sources */ = {isa = PBXBuildFile; fileRef = A66F9155298592FE0046D166 /* todoUni_03App.swift */; };
		A66F9158298592FE0046D166 /* MainView.swift in Sources */ = {isa = PBXBuildFile; fileRef = A66F9157298592FE0046D166 /* MainView.swift */; };
		A66F915A298593000046D166 /* Assets.xcassets in Resources */ = {isa = PBXBuildFile; fileRef = A66F9159298593000046D166 /* Assets.xcassets */; };
		A66F915E298593000046D166 /* Preview Assets.xcassets in Resources */ = {isa = PBXBuildFile; fileRef = A66F915D298593000046D166 /* Preview Assets.xcassets */; };
		A66F91652985950E0046D166 /* TapBarMainView.swift in Sources */ = {isa = PBXBuildFile; fileRef = A66F91642985950E0046D166 /* TapBarMainView.swift */; };
		A66F9167298595320046D166 /* AddTaskView.swift in Sources */ = {isa = PBXBuildFile; fileRef = A66F9166298595320046D166 /* AddTaskView.swift */; };
		A69E83BD2987EEC40061A706 /* TaskView.swift in Sources */ = {isa = PBXBuildFile; fileRef = A69E83BC2987EEC40061A706 /* TaskView.swift */; };
		A6E3BE1E298BF90000AFDDEE /* FocuseModel.swift in Sources */ = {isa = PBXBuildFile; fileRef = A6E3BE1D298BF90000AFDDEE /* FocuseModel.swift */; };
/* End PBXBuildFile section */

/* Begin PBXFileReference section */
		A62F6567298A85C4000A966C /* TaskAllinformation.swift */ = {isa = PBXFileReference; lastKnownFileType = sourcecode.swift; path = TaskAllinformation.swift; sourceTree = "<group>"; };
		A62F656A298ABE58000A966C /* DataModel.xcdatamodel */ = {isa = PBXFileReference; lastKnownFileType = wrapper.xcdatamodel; path = DataModel.xcdatamodel; sourceTree = "<group>"; };
		A62F656C298ABF1A000A966C /* DataController.swift */ = {isa = PBXFileReference; lastKnownFileType = sourcecode.swift; path = DataController.swift; sourceTree = "<group>"; };
		A66ADE84298853680034972E /* FocuseView.swift */ = {isa = PBXFileReference; lastKnownFileType = sourcecode.swift; path = FocuseView.swift; sourceTree = "<group>"; };
		A66ADE862988643E0034972E /* todoUni-03-Info.plist */ = {isa = PBXFileReference; lastKnownFileType = text.plist; path = "todoUni-03-Info.plist"; sourceTree = SOURCE_ROOT; };
		A66F9152298592FE0046D166 /* todoUni_03.app */ = {isa = PBXFileReference; explicitFileType = wrapper.application; includeInIndex = 0; path = todoUni_03.app; sourceTree = BUILT_PRODUCTS_DIR; };
		A66F9155298592FE0046D166 /* todoUni_03App.swift */ = {isa = PBXFileReference; lastKnownFileType = sourcecode.swift; path = todoUni_03App.swift; sourceTree = "<group>"; };
		A66F9157298592FE0046D166 /* MainView.swift */ = {isa = PBXFileReference; lastKnownFileType = sourcecode.swift; path = MainView.swift; sourceTree = "<group>"; };
		A66F9159298593000046D166 /* Assets.xcassets */ = {isa = PBXFileReference; lastKnownFileType = folder.assetcatalog; path = Assets.xcassets; sourceTree = "<group>"; };
		A66F915B298593000046D166 /* todoUni_03.entitlements */ = {isa = PBXFileReference; lastKnownFileType = text.plist.entitlements; path = todoUni_03.entitlements; sourceTree = "<group>"; };
		A66F915D298593000046D166 /* Preview Assets.xcassets */ = {isa = PBXFileReference; lastKnownFileType = folder.assetcatalog; path = "Preview Assets.xcassets"; sourceTree = "<group>"; };
		A66F91642985950E0046D166 /* TapBarMainView.swift */ = {isa = PBXFileReference; lastKnownFileType = sourcecode.swift; path = TapBarMainView.swift; sourceTree = "<group>"; };
		A66F9166298595320046D166 /* AddTaskView.swift */ = {isa = PBXFileReference; lastKnownFileType = sourcecode.swift; path = AddTaskView.swift; sourceTree = "<group>"; };
		A69E83BC2987EEC40061A706 /* TaskView.swift */ = {isa = PBXFileReference; lastKnownFileType = sourcecode.swift; path = TaskView.swift; sourceTree = "<group>"; };
		A6E3BE1D298BF90000AFDDEE /* FocuseModel.swift */ = {isa = PBXFileReference; lastKnownFileType = sourcecode.swift; path = FocuseModel.swift; sourceTree = "<group>"; };
/* End PBXFileReference section */

/* Begin PBXFrameworksBuildPhase section */
		A66F914F298592FE0046D166 /* Frameworks */ = {
			isa = PBXFrameworksBuildPhase;
			buildActionMask = 2147483647;
			files = (
			);
			runOnlyForDeploymentPostprocessing = 0;
		};
/* End PBXFrameworksBuildPhase section */

/* Begin PBXGroup section */
		A66F9149298592FE0046D166 = {
			isa = PBXGroup;
			children = (
				A66F9154298592FE0046D166 /* todoUni_03 */,
				A66F9153298592FE0046D166 /* Products */,
			);
			sourceTree = "<group>";
		};
		A66F9153298592FE0046D166 /* Products */ = {
			isa = PBXGroup;
			children = (
				A66F9152298592FE0046D166 /* todoUni_03.app */,
			);
			name = Products;
			sourceTree = "<group>";
		};
		A66F9154298592FE0046D166 /* todoUni_03 */ = {
			isa = PBXGroup;
			children = (
				A66F9168298595630046D166 /* Views */,
				A6A39D09298AC05C000035E0 /* Models */,
				A66ADE862988643E0034972E /* todoUni-03-Info.plist */,
				A66F9155298592FE0046D166 /* todoUni_03App.swift */,
				A66F9159298593000046D166 /* Assets.xcassets */,
				A66F915B298593000046D166 /* todoUni_03.entitlements */,
				A66F915C298593000046D166 /* Preview Content */,
			);
			path = todoUni_03;
			sourceTree = "<group>";
		};
		A66F915C298593000046D166 /* Preview Content */ = {
			isa = PBXGroup;
			children = (
				A66F915D298593000046D166 /* Preview Assets.xcassets */,
			);
			path = "Preview Content";
			sourceTree = "<group>";
		};
		A66F9168298595630046D166 /* Views */ = {
			isa = PBXGroup;
			children = (
				A66F9157298592FE0046D166 /* MainView.swift */,
				A66F91642985950E0046D166 /* TapBarMainView.swift */,
				A66F9166298595320046D166 /* AddTaskView.swift */,
				A69E83BC2987EEC40061A706 /* TaskView.swift */,
				A66ADE84298853680034972E /* FocuseView.swift */,
				A62F6567298A85C4000A966C /* TaskAllinformation.swift */,
			);
			path = Views;
			sourceTree = "<group>";
		};
		A6A39D09298AC05C000035E0 /* Models */ = {
			isa = PBXGroup;
			children = (
				A62F6569298ABE58000A966C /* DataModel.xcdatamodeld */,
				A62F656C298ABF1A000A966C /* DataController.swift */,
				A6E3BE1D298BF90000AFDDEE /* FocuseModel.swift */,
			);
			path = Models;
			sourceTree = "<group>";
		};
/* End PBXGroup section */

/* Begin PBXNativeTarget section */
		A66F9151298592FE0046D166 /* todoUni_03 */ = {
			isa = PBXNativeTarget;
			buildConfigurationList = A66F9161298593000046D166 /* Build configuration list for PBXNativeTarget "todoUni_03" */;
			buildPhases = (
				A66F914E298592FE0046D166 /* Sources */,
				A66F914F298592FE0046D166 /* Frameworks */,
				A66F9150298592FE0046D166 /* Resources */,
			);
			buildRules = (
			);
			dependencies = (
			);
			name = todoUni_03;
			productName = todoUni_03;
			productReference = A66F9152298592FE0046D166 /* todoUni_03.app */;
			productType = "com.apple.product-type.application";
		};
/* End PBXNativeTarget section */

/* Begin PBXProject section */
		A66F914A298592FE0046D166 /* Project object */ = {
			isa = PBXProject;
			attributes = {
				BuildIndependentTargetsInParallel = 1;
				LastSwiftUpdateCheck = 1420;
				LastUpgradeCheck = 1420;
				TargetAttributes = {
					A66F9151298592FE0046D166 = {
						CreatedOnToolsVersion = 14.2;
					};
				};
			};
			buildConfigurationList = A66F914D298592FE0046D166 /* Build configuration list for PBXProject "todoUni_03" */;
			compatibilityVersion = "Xcode 14.0";
			developmentRegion = en;
			hasScannedForEncodings = 0;
			knownRegions = (
				en,
				Base,
			);
			mainGroup = A66F9149298592FE0046D166;
			productRefGroup = A66F9153298592FE0046D166 /* Products */;
			projectDirPath = "";
			projectRoot = "";
			targets = (
				A66F9151298592FE0046D166 /* todoUni_03 */,
			);
		};
/* End PBXProject section */

/* Begin PBXResourcesBuildPhase section */
		A66F9150298592FE0046D166 /* Resources */ = {
			isa = PBXResourcesBuildPhase;
			buildActionMask = 2147483647;
			files = (
				A66F915E298593000046D166 /* Preview Assets.xcassets in Resources */,
				A66F915A298593000046D166 /* Assets.xcassets in Resources */,
			);
			runOnlyForDeploymentPostprocessing = 0;
		};
/* End PBXResourcesBuildPhase section */

/* Begin PBXSourcesBuildPhase section */
		A66F914E298592FE0046D166 /* Sources */ = {
			isa = PBXSourcesBuildPhase;
			buildActionMask = 2147483647;
			files = (
				A62F6568298A85C4000A966C /* TaskAllinformation.swift in Sources */,
				A6E3BE1E298BF90000AFDDEE /* FocuseModel.swift in Sources */,
				A62F656B298ABE58000A966C /* DataModel.xcdatamodeld in Sources */,
				A69E83BD2987EEC40061A706 /* TaskView.swift in Sources */,
				A62F656D298ABF1A000A966C /* DataController.swift in Sources */,
				A66ADE85298853680034972E /* FocuseView.swift in Sources */,
				A66F9158298592FE0046D166 /* MainView.swift in Sources */,
				A66F91652985950E0046D166 /* TapBarMainView.swift in Sources */,
				A66F9156298592FE0046D166 /* todoUni_03App.swift in Sources */,
				A66F9167298595320046D166 /* AddTaskView.swift in Sources */,
			);
			runOnlyForDeploymentPostprocessing = 0;
		};
/* End PBXSourcesBuildPhase section */

/* Begin XCBuildConfiguration section */
		A66F915F298593000046D166 /* Debug */ = {
			isa = XCBuildConfiguration;
			buildSettings = {
				ALWAYS_SEARCH_USER_PATHS = NO;
				CLANG_ANALYZER_NONNULL = YES;
				CLANG_ANALYZER_NUMBER_OBJECT_CONVERSION = YES_AGGRESSIVE;
				CLANG_CXX_LANGUAGE_STANDARD = "gnu++20";
				CLANG_ENABLE_MODULES = YES;
				CLANG_ENABLE_OBJC_ARC = YES;
				CLANG_ENABLE_OBJC_WEAK = YES;
				CLANG_WARN_BLOCK_CAPTURE_AUTORELEASING = YES;
				CLANG_WARN_BOOL_CONVERSION = YES;
				CLANG_WARN_COMMA = YES;
				CLANG_WARN_CONSTANT_CONVERSION = YES;
				CLANG_WARN_DEPRECATED_OBJC_IMPLEMENTATIONS = YES;
				CLANG_WARN_DIRECT_OBJC_ISA_USAGE = YES_ERROR;
				CLANG_WARN_DOCUMENTATION_COMMENTS = YES;
				CLANG_WARN_EMPTY_BODY = YES;
				CLANG_WARN_ENUM_CONVERSION = YES;
				CLANG_WARN_INFINITE_RECURSION = YES;
				CLANG_WARN_INT_CONVERSION = YES;
				CLANG_WARN_NON_LITERAL_NULL_CONVERSION = YES;
				CLANG_WARN_OBJC_IMPLICIT_RETAIN_SELF = YES;
				CLANG_WARN_OBJC_LITERAL_CONVERSION = YES;
				CLANG_WARN_OBJC_ROOT_CLASS = YES_ERROR;
				CLANG_WARN_QUOTED_INCLUDE_IN_FRAMEWORK_HEADER = YES;
				CLANG_WARN_RANGE_LOOP_ANALYSIS = YES;
				CLANG_WARN_STRICT_PROTOTYPES = YES;
				CLANG_WARN_SUSPICIOUS_MOVE = YES;
				CLANG_WARN_UNGUARDED_AVAILABILITY = YES_AGGRESSIVE;
				CLANG_WARN_UNREACHABLE_CODE = YES;
				CLANG_WARN__DUPLICATE_METHOD_MATCH = YES;
				COPY_PHASE_STRIP = NO;
				DEBUG_INFORMATION_FORMAT = dwarf;
				ENABLE_STRICT_OBJC_MSGSEND = YES;
				ENABLE_TESTABILITY = YES;
				GCC_C_LANGUAGE_STANDARD = gnu11;
				GCC_DYNAMIC_NO_PIC = NO;
				GCC_NO_COMMON_BLOCKS = YES;
				GCC_OPTIMIZATION_LEVEL = 0;
				GCC_PREPROCESSOR_DEFINITIONS = (
					"DEBUG=1",
					"$(inherited)",
				);
				GCC_WARN_64_TO_32_BIT_CONVERSION = YES;
				GCC_WARN_ABOUT_RETURN_TYPE = YES_ERROR;
				GCC_WARN_UNDECLARED_SELECTOR = YES;
				GCC_WARN_UNINITIALIZED_AUTOS = YES_AGGRESSIVE;
				GCC_WARN_UNUSED_FUNCTION = YES;
				GCC_WARN_UNUSED_VARIABLE = YES;
				MTL_ENABLE_DEBUG_INFO = INCLUDE_SOURCE;
				MTL_FAST_MATH = YES;
				ONLY_ACTIVE_ARCH = YES;
				SWIFT_ACTIVE_COMPILATION_CONDITIONS = DEBUG;
				SWIFT_OPTIMIZATION_LEVEL = "-Onone";
			};
			name = Debug;
		};
		A66F9160298593000046D166 /* Release */ = {
			isa = XCBuildConfiguration;
			buildSettings = {
				ALWAYS_SEARCH_USER_PATHS = NO;
				CLANG_ANALYZER_NONNULL = YES;
				CLANG_ANALYZER_NUMBER_OBJECT_CONVERSION = YES_AGGRESSIVE;
				CLANG_CXX_LANGUAGE_STANDARD = "gnu++20";
				CLANG_ENABLE_MODULES = YES;
				CLANG_ENABLE_OBJC_ARC = YES;
				CLANG_ENABLE_OBJC_WEAK = YES;
				CLANG_WARN_BLOCK_CAPTURE_AUTORELEASING = YES;
				CLANG_WARN_BOOL_CONVERSION = YES;
				CLANG_WARN_COMMA = YES;
				CLANG_WARN_CONSTANT_CONVERSION = YES;
				CLANG_WARN_DEPRECATED_OBJC_IMPLEMENTATIONS = YES;
				CLANG_WARN_DIRECT_OBJC_ISA_USAGE = YES_ERROR;
				CLANG_WARN_DOCUMENTATION_COMMENTS = YES;
				CLANG_WARN_EMPTY_BODY = YES;
				CLANG_WARN_ENUM_CONVERSION = YES;
				CLANG_WARN_INFINITE_RECURSION = YES;
				CLANG_WARN_INT_CONVERSION = YES;
				CLANG_WARN_NON_LITERAL_NULL_CONVERSION = YES;
				CLANG_WARN_OBJC_IMPLICIT_RETAIN_SELF = YES;
				CLANG_WARN_OBJC_LITERAL_CONVERSION = YES;
				CLANG_WARN_OBJC_ROOT_CLASS = YES_ERROR;
				CLANG_WARN_QUOTED_INCLUDE_IN_FRAMEWORK_HEADER = YES;
				CLANG_WARN_RANGE_LOOP_ANALYSIS = YES;
				CLANG_WARN_STRICT_PROTOTYPES = YES;
				CLANG_WARN_SUSPICIOUS_MOVE = YES;
				CLANG_WARN_UNGUARDED_AVAILABILITY = YES_AGGRESSIVE;
				CLANG_WARN_UNREACHABLE_CODE = YES;
				CLANG_WARN__DUPLICATE_METHOD_MATCH = YES;
				COPY_PHASE_STRIP = NO;
				DEBUG_INFORMATION_FORMAT = "dwarf-with-dsym";
				ENABLE_NS_ASSERTIONS = NO;
				ENABLE_STRICT_OBJC_MSGSEND = YES;
				GCC_C_LANGUAGE_STANDARD = gnu11;
				GCC_NO_COMMON_BLOCKS = YES;
				GCC_WARN_64_TO_32_BIT_CONVERSION = YES;
				GCC_WARN_ABOUT_RETURN_TYPE = YES_ERROR;
				GCC_WARN_UNDECLARED_SELECTOR = YES;
				GCC_WARN_UNINITIALIZED_AUTOS = YES_AGGRESSIVE;
				GCC_WARN_UNUSED_FUNCTION = YES;
				GCC_WARN_UNUSED_VARIABLE = YES;
				MTL_ENABLE_DEBUG_INFO = NO;
				MTL_FAST_MATH = YES;
				SWIFT_COMPILATION_MODE = wholemodule;
				SWIFT_OPTIMIZATION_LEVEL = "-O";
			};
			name = Release;
		};
		A66F9162298593000046D166 /* Debug */ = {
			isa = XCBuildConfiguration;
			buildSettings = {
				ASSETCATALOG_COMPILER_APPICON_NAME = AppIcon;
				ASSETCATALOG_COMPILER_GLOBAL_ACCENT_COLOR_NAME = AccentColor;
				CODE_SIGN_ENTITLEMENTS = todoUni_03/todoUni_03.entitlements;
				CODE_SIGN_STYLE = Automatic;
				CURRENT_PROJECT_VERSION = 1;
				DEVELOPMENT_ASSET_PATHS = "\"todoUni_03/Preview Content\"";
				DEVELOPMENT_TEAM = 944K4M9L9M;
				ENABLE_HARDENED_RUNTIME = YES;
				ENABLE_PREVIEWS = YES;
				GENERATE_INFOPLIST_FILE = YES;
				INFOPLIST_FILE = "todoUni-03-Info.plist";
				"INFOPLIST_KEY_UIApplicationSceneManifest_Generation[sdk=iphoneos*]" = YES;
				"INFOPLIST_KEY_UIApplicationSceneManifest_Generation[sdk=iphonesimulator*]" = YES;
				"INFOPLIST_KEY_UIApplicationSupportsIndirectInputEvents[sdk=iphoneos*]" = YES;
				"INFOPLIST_KEY_UIApplicationSupportsIndirectInputEvents[sdk=iphonesimulator*]" = YES;
				"INFOPLIST_KEY_UILaunchScreen_Generation[sdk=iphoneos*]" = YES;
				"INFOPLIST_KEY_UILaunchScreen_Generation[sdk=iphonesimulator*]" = YES;
				"INFOPLIST_KEY_UIStatusBarStyle[sdk=iphoneos*]" = UIStatusBarStyleDefault;
				"INFOPLIST_KEY_UIStatusBarStyle[sdk=iphonesimulator*]" = UIStatusBarStyleDefault;
				INFOPLIST_KEY_UISupportedInterfaceOrientations_iPad = "UIInterfaceOrientationPortrait UIInterfaceOrientationPortraitUpsideDown UIInterfaceOrientationLandscapeLeft UIInterfaceOrientationLandscapeRight";
				INFOPLIST_KEY_UISupportedInterfaceOrientations_iPhone = "UIInterfaceOrientationPortrait UIInterfaceOrientationLandscapeLeft UIInterfaceOrientationLandscapeRight";
				IPHONEOS_DEPLOYMENT_TARGET = 16.2;
				LD_RUNPATH_SEARCH_PATHS = "@executable_path/Frameworks";
				"LD_RUNPATH_SEARCH_PATHS[sdk=macosx*]" = "@executable_path/../Frameworks";
				MACOSX_DEPLOYMENT_TARGET = 13.1;
				MARKETING_VERSION = 1.0;
				PRODUCT_BUNDLE_IDENTIFIER = "learn-ios.todoUni-03";
				PRODUCT_NAME = "$(TARGET_NAME)";
				SDKROOT = auto;
				SUPPORTED_PLATFORMS = "iphoneos iphonesimulator macosx";
				SWIFT_EMIT_LOC_STRINGS = YES;
				SWIFT_VERSION = 5.0;
				TARGETED_DEVICE_FAMILY = "1,2";
			};
			name = Debug;
		};
		A66F9163298593000046D166 /* Release */ = {
			isa = XCBuildConfiguration;
			buildSettings = {
				ASSETCATALOG_COMPILER_APPICON_NAME = AppIcon;
				ASSETCATALOG_COMPILER_GLOBAL_ACCENT_COLOR_NAME = AccentColor;
				CODE_SIGN_ENTITLEMENTS = todoUni_03/todoUni_03.entitlements;
				CODE_SIGN_STYLE = Automatic;
				CURRENT_PROJECT_VERSION = 1;
				DEVELOPMENT_ASSET_PATHS = "\"todoUni_03/Preview Content\"";
				DEVELOPMENT_TEAM = 944K4M9L9M;
				ENABLE_HARDENED_RUNTIME = YES;
				ENABLE_PREVIEWS = YES;
				GENERATE_INFOPLIST_FILE = YES;
				INFOPLIST_FILE = "todoUni-03-Info.plist";
				"INFOPLIST_KEY_UIApplicationSceneManifest_Generation[sdk=iphoneos*]" = YES;
				"INFOPLIST_KEY_UIApplicationSceneManifest_Generation[sdk=iphonesimulator*]" = YES;
				"INFOPLIST_KEY_UIApplicationSupportsIndirectInputEvents[sdk=iphoneos*]" = YES;
				"INFOPLIST_KEY_UIApplicationSupportsIndirectInputEvents[sdk=iphonesimulator*]" = YES;
				"INFOPLIST_KEY_UILaunchScreen_Generation[sdk=iphoneos*]" = YES;
				"INFOPLIST_KEY_UILaunchScreen_Generation[sdk=iphonesimulator*]" = YES;
				"INFOPLIST_KEY_UIStatusBarStyle[sdk=iphoneos*]" = UIStatusBarStyleDefault;
				"INFOPLIST_KEY_UIStatusBarStyle[sdk=iphonesimulator*]" = UIStatusBarStyleDefault;
				INFOPLIST_KEY_UISupportedInterfaceOrientations_iPad = "UIInterfaceOrientationPortrait UIInterfaceOrientationPortraitUpsideDown UIInterfaceOrientationLandscapeLeft UIInterfaceOrientationLandscapeRight";
				INFOPLIST_KEY_UISupportedInterfaceOrientations_iPhone = "UIInterfaceOrientationPortrait UIInterfaceOrientationLandscapeLeft UIInterfaceOrientationLandscapeRight";
				IPHONEOS_DEPLOYMENT_TARGET = 16.2;
				LD_RUNPATH_SEARCH_PATHS = "@executable_path/Frameworks";
				"LD_RUNPATH_SEARCH_PATHS[sdk=macosx*]" = "@executable_path/../Frameworks";
				MACOSX_DEPLOYMENT_TARGET = 13.1;
				MARKETING_VERSION = 1.0;
				PRODUCT_BUNDLE_IDENTIFIER = "learn-ios.todoUni-03";
				PRODUCT_NAME = "$(TARGET_NAME)";
				SDKROOT = auto;
				SUPPORTED_PLATFORMS = "iphoneos iphonesimulator macosx";
				SWIFT_EMIT_LOC_STRINGS = YES;
				SWIFT_VERSION = 5.0;
				TARGETED_DEVICE_FAMILY = "1,2";
			};
			name = Release;
		};
/* End XCBuildConfiguration section */

/* Begin XCConfigurationList section */
		A66F914D298592FE0046D166 /* Build configuration list for PBXProject "todoUni_03" */ = {
			isa = XCConfigurationList;
			buildConfigurations = (
				A66F915F298593000046D166 /* Debug */,
				A66F9160298593000046D166 /* Release */,
			);
			defaultConfigurationIsVisible = 0;
			defaultConfigurationName = Release;
		};
		A66F9161298593000046D166 /* Build configuration list for PBXNativeTarget "todoUni_03" */ = {
			isa = XCConfigurationList;
			buildConfigurations = (
				A66F9162298593000046D166 /* Debug */,
				A66F9163298593000046D166 /* Release */,
			);
			defaultConfigurationIsVisible = 0;
			defaultConfigurationName = Release;
		};
/* End XCConfigurationList section */

/* Begin XCVersionGroup section */
		A62F6569298ABE58000A966C /* DataModel.xcdatamodeld */ = {
			isa = XCVersionGroup;
			children = (
				A62F656A298ABE58000A966C /* DataModel.xcdatamodel */,
			);
			currentVersion = A62F656A298ABE58000A966C /* DataModel.xcdatamodel */;
			path = DataModel.xcdatamodeld;
			sourceTree = "<group>";
			versionGroupType = wrapper.xcdatamodel;
		};
/* End XCVersionGroup section */
	};
	rootObject = A66F914A298592FE0046D166 /* Project object */;
}
