// !$*UTF8*$!
{
	archiveVersion = 1;
	classes = {
	};
	objectVersion = 56;
	objects = {

/* Begin PBXBuildFile section */
		A616472D29D9FDD6008934C7 /* enterView.swift in Sources */ = {isa = PBXBuildFile; fileRef = A616472C29D9FDD6008934C7 /* enterView.swift */; };
		A616472F29D9FEA2008934C7 /* enterView_01.swift in Sources */ = {isa = PBXBuildFile; fileRef = A616472E29D9FEA2008934C7 /* enterView_01.swift */; };
		A616473129DA079B008934C7 /* enterView_02.swift in Sources */ = {isa = PBXBuildFile; fileRef = A616473029DA079B008934C7 /* enterView_02.swift */; };
		A616473529DA0826008934C7 /* enterViewRModel.swift in Sources */ = {isa = PBXBuildFile; fileRef = A616473429DA0826008934C7 /* enterViewRModel.swift */; };
		A616473729DA083F008934C7 /* enterViewLModel.swift in Sources */ = {isa = PBXBuildFile; fileRef = A616473629DA083F008934C7 /* enterViewLModel.swift */; };
		A616473929DA500E008934C7 /* studentStructModel.swift in Sources */ = {isa = PBXBuildFile; fileRef = A616473829DA500E008934C7 /* studentStructModel.swift */; };
		A675249D29AC893A00D8B8FB /* laborExchangeApp.swift in Sources */ = {isa = PBXBuildFile; fileRef = A675249C29AC893A00D8B8FB /* laborExchangeApp.swift */; };
		A675249F29AC893A00D8B8FB /* ContentView.swift in Sources */ = {isa = PBXBuildFile; fileRef = A675249E29AC893A00D8B8FB /* ContentView.swift */; };
		A67524A129AC893B00D8B8FB /* Assets.xcassets in Resources */ = {isa = PBXBuildFile; fileRef = A67524A029AC893B00D8B8FB /* Assets.xcassets */; };
		A67524A429AC893B00D8B8FB /* Preview Assets.xcassets in Resources */ = {isa = PBXBuildFile; fileRef = A67524A329AC893B00D8B8FB /* Preview Assets.xcassets */; };
		A67524AF29AC8A6000D8B8FB /* EditProfileView.swift in Sources */ = {isa = PBXBuildFile; fileRef = A67524AC29AC8A6000D8B8FB /* EditProfileView.swift */; };
		A67524B029AC8A6000D8B8FB /* MainViewOfStudent.swift in Sources */ = {isa = PBXBuildFile; fileRef = A67524AD29AC8A6000D8B8FB /* MainViewOfStudent.swift */; };
		A67524B129AC8A6000D8B8FB /* ProfileMainView.swift in Sources */ = {isa = PBXBuildFile; fileRef = A67524AE29AC8A6000D8B8FB /* ProfileMainView.swift */; };
		A67524B329AC8ABC00D8B8FB /* TabBarView.swift in Sources */ = {isa = PBXBuildFile; fileRef = A67524B229AC8ABC00D8B8FB /* TabBarView.swift */; };
/* End PBXBuildFile section */

/* Begin PBXFileReference section */
		A616472C29D9FDD6008934C7 /* enterView.swift */ = {isa = PBXFileReference; lastKnownFileType = sourcecode.swift; path = enterView.swift; sourceTree = "<group>"; };
		A616472E29D9FEA2008934C7 /* enterView_01.swift */ = {isa = PBXFileReference; lastKnownFileType = sourcecode.swift; path = enterView_01.swift; sourceTree = "<group>"; };
		A616473029DA079B008934C7 /* enterView_02.swift */ = {isa = PBXFileReference; lastKnownFileType = sourcecode.swift; path = enterView_02.swift; sourceTree = "<group>"; };
		A616473429DA0826008934C7 /* enterViewRModel.swift */ = {isa = PBXFileReference; lastKnownFileType = sourcecode.swift; path = enterViewRModel.swift; sourceTree = "<group>"; };
		A616473629DA083F008934C7 /* enterViewLModel.swift */ = {isa = PBXFileReference; lastKnownFileType = sourcecode.swift; path = enterViewLModel.swift; sourceTree = "<group>"; };
		A616473829DA500E008934C7 /* studentStructModel.swift */ = {isa = PBXFileReference; lastKnownFileType = sourcecode.swift; path = studentStructModel.swift; sourceTree = "<group>"; };
		A675249929AC893A00D8B8FB /* laborExchange.app */ = {isa = PBXFileReference; explicitFileType = wrapper.application; includeInIndex = 0; path = laborExchange.app; sourceTree = BUILT_PRODUCTS_DIR; };
		A675249C29AC893A00D8B8FB /* laborExchangeApp.swift */ = {isa = PBXFileReference; lastKnownFileType = sourcecode.swift; path = laborExchangeApp.swift; sourceTree = "<group>"; };
		A675249E29AC893A00D8B8FB /* ContentView.swift */ = {isa = PBXFileReference; lastKnownFileType = sourcecode.swift; path = ContentView.swift; sourceTree = "<group>"; };
		A67524A029AC893B00D8B8FB /* Assets.xcassets */ = {isa = PBXFileReference; lastKnownFileType = folder.assetcatalog; path = Assets.xcassets; sourceTree = "<group>"; };
		A67524A329AC893B00D8B8FB /* Preview Assets.xcassets */ = {isa = PBXFileReference; lastKnownFileType = folder.assetcatalog; path = "Preview Assets.xcassets"; sourceTree = "<group>"; };
		A67524AC29AC8A6000D8B8FB /* EditProfileView.swift */ = {isa = PBXFileReference; fileEncoding = 4; lastKnownFileType = sourcecode.swift; path = EditProfileView.swift; sourceTree = "<group>"; };
		A67524AD29AC8A6000D8B8FB /* MainViewOfStudent.swift */ = {isa = PBXFileReference; fileEncoding = 4; lastKnownFileType = sourcecode.swift; path = MainViewOfStudent.swift; sourceTree = "<group>"; };
		A67524AE29AC8A6000D8B8FB /* ProfileMainView.swift */ = {isa = PBXFileReference; fileEncoding = 4; lastKnownFileType = sourcecode.swift; path = ProfileMainView.swift; sourceTree = "<group>"; };
		A67524B229AC8ABC00D8B8FB /* TabBarView.swift */ = {isa = PBXFileReference; fileEncoding = 4; lastKnownFileType = sourcecode.swift; path = TabBarView.swift; sourceTree = "<group>"; };
/* End PBXFileReference section */

/* Begin PBXFrameworksBuildPhase section */
		A675249629AC893A00D8B8FB /* Frameworks */ = {
			isa = PBXFrameworksBuildPhase;
			buildActionMask = 2147483647;
			files = (
			);
			runOnlyForDeploymentPostprocessing = 0;
		};
/* End PBXFrameworksBuildPhase section */

/* Begin PBXGroup section */
		A616473229DA07D3008934C7 /* EnterViews */ = {
			isa = PBXGroup;
			children = (
				A616473329DA07F0008934C7 /* models */,
				A616472C29D9FDD6008934C7 /* enterView.swift */,
				A616472E29D9FEA2008934C7 /* enterView_01.swift */,
				A616473029DA079B008934C7 /* enterView_02.swift */,
			);
			path = EnterViews;
			sourceTree = "<group>";
		};
		A616473329DA07F0008934C7 /* models */ = {
			isa = PBXGroup;
			children = (
				A616473429DA0826008934C7 /* enterViewRModel.swift */,
				A616473629DA083F008934C7 /* enterViewLModel.swift */,
			);
			path = models;
			sourceTree = "<group>";
		};
		A675249029AC893A00D8B8FB = {
			isa = PBXGroup;
			children = (
				A675249B29AC893A00D8B8FB /* laborExchange */,
				A675249A29AC893A00D8B8FB /* Products */,
			);
			sourceTree = "<group>";
		};
		A675249A29AC893A00D8B8FB /* Products */ = {
			isa = PBXGroup;
			children = (
				A675249929AC893A00D8B8FB /* laborExchange.app */,
			);
			name = Products;
			sourceTree = "<group>";
		};
		A675249B29AC893A00D8B8FB /* laborExchange */ = {
			isa = PBXGroup;
			children = (
				A675249E29AC893A00D8B8FB /* ContentView.swift */,
				A616473229DA07D3008934C7 /* EnterViews */,
				A67524B229AC8ABC00D8B8FB /* TabBarView.swift */,
				A675249C29AC893A00D8B8FB /* laborExchangeApp.swift */,
				A67524AA29AC8A6000D8B8FB /* seller */,
				A67524AB29AC8A6000D8B8FB /* Student */,
				A67524A029AC893B00D8B8FB /* Assets.xcassets */,
				A67524A229AC893B00D8B8FB /* Preview Content */,
			);
			path = laborExchange;
			sourceTree = "<group>";
		};
		A67524A229AC893B00D8B8FB /* Preview Content */ = {
			isa = PBXGroup;
			children = (
				A67524A329AC893B00D8B8FB /* Preview Assets.xcassets */,
			);
			path = "Preview Content";
			sourceTree = "<group>";
		};
		A67524AA29AC8A6000D8B8FB /* seller */ = {
			isa = PBXGroup;
			children = (
			);
			path = seller;
			sourceTree = "<group>";
		};
		A67524AB29AC8A6000D8B8FB /* Student */ = {
			isa = PBXGroup;
			children = (
				A67524AC29AC8A6000D8B8FB /* EditProfileView.swift */,
				A67524AD29AC8A6000D8B8FB /* MainViewOfStudent.swift */,
				A67524AE29AC8A6000D8B8FB /* ProfileMainView.swift */,
				A616473829DA500E008934C7 /* studentStructModel.swift */,
			);
			path = Student;
			sourceTree = "<group>";
		};
/* End PBXGroup section */

/* Begin PBXNativeTarget section */
		A675249829AC893A00D8B8FB /* laborExchange */ = {
			isa = PBXNativeTarget;
			buildConfigurationList = A67524A729AC893B00D8B8FB /* Build configuration list for PBXNativeTarget "laborExchange" */;
			buildPhases = (
				A675249529AC893A00D8B8FB /* Sources */,
				A675249629AC893A00D8B8FB /* Frameworks */,
				A675249729AC893A00D8B8FB /* Resources */,
			);
			buildRules = (
			);
			dependencies = (
			);
			name = laborExchange;
			productName = laborExchange;
			productReference = A675249929AC893A00D8B8FB /* laborExchange.app */;
			productType = "com.apple.product-type.application";
		};
/* End PBXNativeTarget section */

/* Begin PBXProject section */
		A675249129AC893A00D8B8FB /* Project object */ = {
			isa = PBXProject;
			attributes = {
				BuildIndependentTargetsInParallel = 1;
				LastSwiftUpdateCheck = 1420;
				LastUpgradeCheck = 1420;
				TargetAttributes = {
					A675249829AC893A00D8B8FB = {
						CreatedOnToolsVersion = 14.2;
					};
				};
			};
			buildConfigurationList = A675249429AC893A00D8B8FB /* Build configuration list for PBXProject "laborExchange" */;
			compatibilityVersion = "Xcode 14.0";
			developmentRegion = en;
			hasScannedForEncodings = 0;
			knownRegions = (
				en,
				Base,
			);
			mainGroup = A675249029AC893A00D8B8FB;
			productRefGroup = A675249A29AC893A00D8B8FB /* Products */;
			projectDirPath = "";
			projectRoot = "";
			targets = (
				A675249829AC893A00D8B8FB /* laborExchange */,
			);
		};
/* End PBXProject section */

/* Begin PBXResourcesBuildPhase section */
		A675249729AC893A00D8B8FB /* Resources */ = {
			isa = PBXResourcesBuildPhase;
			buildActionMask = 2147483647;
			files = (
				A67524A429AC893B00D8B8FB /* Preview Assets.xcassets in Resources */,
				A67524A129AC893B00D8B8FB /* Assets.xcassets in Resources */,
			);
			runOnlyForDeploymentPostprocessing = 0;
		};
/* End PBXResourcesBuildPhase section */

/* Begin PBXSourcesBuildPhase section */
		A675249529AC893A00D8B8FB /* Sources */ = {
			isa = PBXSourcesBuildPhase;
			buildActionMask = 2147483647;
			files = (
				A67524AF29AC8A6000D8B8FB /* EditProfileView.swift in Sources */,
				A616473129DA079B008934C7 /* enterView_02.swift in Sources */,
				A675249F29AC893A00D8B8FB /* ContentView.swift in Sources */,
				A616472D29D9FDD6008934C7 /* enterView.swift in Sources */,
				A616473529DA0826008934C7 /* enterViewRModel.swift in Sources */,
				A67524B029AC8A6000D8B8FB /* MainViewOfStudent.swift in Sources */,
				A675249D29AC893A00D8B8FB /* laborExchangeApp.swift in Sources */,
				A67524B329AC8ABC00D8B8FB /* TabBarView.swift in Sources */,
				A616473929DA500E008934C7 /* studentStructModel.swift in Sources */,
				A616472F29D9FEA2008934C7 /* enterView_01.swift in Sources */,
				A616473729DA083F008934C7 /* enterViewLModel.swift in Sources */,
				A67524B129AC8A6000D8B8FB /* ProfileMainView.swift in Sources */,
			);
			runOnlyForDeploymentPostprocessing = 0;
		};
/* End PBXSourcesBuildPhase section */

/* Begin XCBuildConfiguration section */
		A67524A529AC893B00D8B8FB /* Debug */ = {
			isa = XCBuildConfiguration;
			buildSettings = {
				ALWAYS_SEARCH_USER_PATHS = NO;
				CLANG_ANALYZER_NONNULL = YES;
				CLANG_ANALYZER_NUMBER_OBJECT_CONVERSION = YES_AGGRESSIVE;
				CLANG_CXX_LANGUAGE_STANDARD = "gnu++20";
				CLANG_ENABLE_MODULES = YES;
				CLANG_ENABLE_OBJC_ARC = YES;
				CLANG_ENABLE_OBJC_WEAK = YES;
				CLANG_WARN_BLOCK_CAPTURE_AUTORELEASING = YES;
				CLANG_WARN_BOOL_CONVERSION = YES;
				CLANG_WARN_COMMA = YES;
				CLANG_WARN_CONSTANT_CONVERSION = YES;
				CLANG_WARN_DEPRECATED_OBJC_IMPLEMENTATIONS = YES;
				CLANG_WARN_DIRECT_OBJC_ISA_USAGE = YES_ERROR;
				CLANG_WARN_DOCUMENTATION_COMMENTS = YES;
				CLANG_WARN_EMPTY_BODY = YES;
				CLANG_WARN_ENUM_CONVERSION = YES;
				CLANG_WARN_INFINITE_RECURSION = YES;
				CLANG_WARN_INT_CONVERSION = YES;
				CLANG_WARN_NON_LITERAL_NULL_CONVERSION = YES;
				CLANG_WARN_OBJC_IMPLICIT_RETAIN_SELF = YES;
				CLANG_WARN_OBJC_LITERAL_CONVERSION = YES;
				CLANG_WARN_OBJC_ROOT_CLASS = YES_ERROR;
				CLANG_WARN_QUOTED_INCLUDE_IN_FRAMEWORK_HEADER = YES;
				CLANG_WARN_RANGE_LOOP_ANALYSIS = YES;
				CLANG_WARN_STRICT_PROTOTYPES = YES;
				CLANG_WARN_SUSPICIOUS_MOVE = YES;
				CLANG_WARN_UNGUARDED_AVAILABILITY = YES_AGGRESSIVE;
				CLANG_WARN_UNREACHABLE_CODE = YES;
				CLANG_WARN__DUPLICATE_METHOD_MATCH = YES;
				COPY_PHASE_STRIP = NO;
				DEBUG_INFORMATION_FORMAT = dwarf;
				ENABLE_STRICT_OBJC_MSGSEND = YES;
				ENABLE_TESTABILITY = YES;
				GCC_C_LANGUAGE_STANDARD = gnu11;
				GCC_DYNAMIC_NO_PIC = NO;
				GCC_NO_COMMON_BLOCKS = YES;
				GCC_OPTIMIZATION_LEVEL = 0;
				GCC_PREPROCESSOR_DEFINITIONS = (
					"DEBUG=1",
					"$(inherited)",
				);
				GCC_WARN_64_TO_32_BIT_CONVERSION = YES;
				GCC_WARN_ABOUT_RETURN_TYPE = YES_ERROR;
				GCC_WARN_UNDECLARED_SELECTOR = YES;
				GCC_WARN_UNINITIALIZED_AUTOS = YES_AGGRESSIVE;
				GCC_WARN_UNUSED_FUNCTION = YES;
				GCC_WARN_UNUSED_VARIABLE = YES;
				IPHONEOS_DEPLOYMENT_TARGET = 16.2;
				MTL_ENABLE_DEBUG_INFO = INCLUDE_SOURCE;
				MTL_FAST_MATH = YES;
				ONLY_ACTIVE_ARCH = YES;
				SDKROOT = iphoneos;
				SWIFT_ACTIVE_COMPILATION_CONDITIONS = DEBUG;
				SWIFT_OPTIMIZATION_LEVEL = "-Onone";
			};
			name = Debug;
		};
		A67524A629AC893B00D8B8FB /* Release */ = {
			isa = XCBuildConfiguration;
			buildSettings = {
				ALWAYS_SEARCH_USER_PATHS = NO;
				CLANG_ANALYZER_NONNULL = YES;
				CLANG_ANALYZER_NUMBER_OBJECT_CONVERSION = YES_AGGRESSIVE;
				CLANG_CXX_LANGUAGE_STANDARD = "gnu++20";
				CLANG_ENABLE_MODULES = YES;
				CLANG_ENABLE_OBJC_ARC = YES;
				CLANG_ENABLE_OBJC_WEAK = YES;
				CLANG_WARN_BLOCK_CAPTURE_AUTORELEASING = YES;
				CLANG_WARN_BOOL_CONVERSION = YES;
				CLANG_WARN_COMMA = YES;
				CLANG_WARN_CONSTANT_CONVERSION = YES;
				CLANG_WARN_DEPRECATED_OBJC_IMPLEMENTATIONS = YES;
				CLANG_WARN_DIRECT_OBJC_ISA_USAGE = YES_ERROR;
				CLANG_WARN_DOCUMENTATION_COMMENTS = YES;
				CLANG_WARN_EMPTY_BODY = YES;
				CLANG_WARN_ENUM_CONVERSION = YES;
				CLANG_WARN_INFINITE_RECURSION = YES;
				CLANG_WARN_INT_CONVERSION = YES;
				CLANG_WARN_NON_LITERAL_NULL_CONVERSION = YES;
				CLANG_WARN_OBJC_IMPLICIT_RETAIN_SELF = YES;
				CLANG_WARN_OBJC_LITERAL_CONVERSION = YES;
				CLANG_WARN_OBJC_ROOT_CLASS = YES_ERROR;
				CLANG_WARN_QUOTED_INCLUDE_IN_FRAMEWORK_HEADER = YES;
				CLANG_WARN_RANGE_LOOP_ANALYSIS = YES;
				CLANG_WARN_STRICT_PROTOTYPES = YES;
				CLANG_WARN_SUSPICIOUS_MOVE = YES;
				CLANG_WARN_UNGUARDED_AVAILABILITY = YES_AGGRESSIVE;
				CLANG_WARN_UNREACHABLE_CODE = YES;
				CLANG_WARN__DUPLICATE_METHOD_MATCH = YES;
				COPY_PHASE_STRIP = NO;
				DEBUG_INFORMATION_FORMAT = "dwarf-with-dsym";
				ENABLE_NS_ASSERTIONS = NO;
				ENABLE_STRICT_OBJC_MSGSEND = YES;
				GCC_C_LANGUAGE_STANDARD = gnu11;
				GCC_NO_COMMON_BLOCKS = YES;
				GCC_WARN_64_TO_32_BIT_CONVERSION = YES;
				GCC_WARN_ABOUT_RETURN_TYPE = YES_ERROR;
				GCC_WARN_UNDECLARED_SELECTOR = YES;
				GCC_WARN_UNINITIALIZED_AUTOS = YES_AGGRESSIVE;
				GCC_WARN_UNUSED_FUNCTION = YES;
				GCC_WARN_UNUSED_VARIABLE = YES;
				IPHONEOS_DEPLOYMENT_TARGET = 16.2;
				MTL_ENABLE_DEBUG_INFO = NO;
				MTL_FAST_MATH = YES;
				SDKROOT = iphoneos;
				SWIFT_COMPILATION_MODE = wholemodule;
				SWIFT_OPTIMIZATION_LEVEL = "-O";
				VALIDATE_PRODUCT = YES;
			};
			name = Release;
		};
		A67524A829AC893B00D8B8FB /* Debug */ = {
			isa = XCBuildConfiguration;
			buildSettings = {
				ASSETCATALOG_COMPILER_APPICON_NAME = AppIcon;
				ASSETCATALOG_COMPILER_GLOBAL_ACCENT_COLOR_NAME = AccentColor;
				CODE_SIGN_STYLE = Automatic;
				CURRENT_PROJECT_VERSION = 1;
				DEVELOPMENT_ASSET_PATHS = "\"laborExchange/Preview Content\"";
				DEVELOPMENT_TEAM = 944K4M9L9M;
				ENABLE_PREVIEWS = YES;
				GENERATE_INFOPLIST_FILE = YES;
				INFOPLIST_KEY_UIApplicationSceneManifest_Generation = YES;
				INFOPLIST_KEY_UIApplicationSupportsIndirectInputEvents = YES;
				INFOPLIST_KEY_UILaunchScreen_Generation = YES;
				INFOPLIST_KEY_UISupportedInterfaceOrientations_iPad = "UIInterfaceOrientationPortrait UIInterfaceOrientationPortraitUpsideDown UIInterfaceOrientationLandscapeLeft UIInterfaceOrientationLandscapeRight";
				INFOPLIST_KEY_UISupportedInterfaceOrientations_iPhone = "UIInterfaceOrientationPortrait UIInterfaceOrientationLandscapeLeft UIInterfaceOrientationLandscapeRight";
				LD_RUNPATH_SEARCH_PATHS = (
					"$(inherited)",
					"@executable_path/Frameworks",
				);
				MARKETING_VERSION = 1.0;
				PRODUCT_BUNDLE_IDENTIFIER = "learn-ios.laborExchange";
				PRODUCT_NAME = "$(TARGET_NAME)";
				SWIFT_EMIT_LOC_STRINGS = YES;
				SWIFT_VERSION = 5.0;
				TARGETED_DEVICE_FAMILY = "1,2";
			};
			name = Debug;
		};
		A67524A929AC893B00D8B8FB /* Release */ = {
			isa = XCBuildConfiguration;
			buildSettings = {
				ASSETCATALOG_COMPILER_APPICON_NAME = AppIcon;
				ASSETCATALOG_COMPILER_GLOBAL_ACCENT_COLOR_NAME = AccentColor;
				CODE_SIGN_STYLE = Automatic;
				CURRENT_PROJECT_VERSION = 1;
				DEVELOPMENT_ASSET_PATHS = "\"laborExchange/Preview Content\"";
				DEVELOPMENT_TEAM = 944K4M9L9M;
				ENABLE_PREVIEWS = YES;
				GENERATE_INFOPLIST_FILE = YES;
				INFOPLIST_KEY_UIApplicationSceneManifest_Generation = YES;
				INFOPLIST_KEY_UIApplicationSupportsIndirectInputEvents = YES;
				INFOPLIST_KEY_UILaunchScreen_Generation = YES;
				INFOPLIST_KEY_UISupportedInterfaceOrientations_iPad = "UIInterfaceOrientationPortrait UIInterfaceOrientationPortraitUpsideDown UIInterfaceOrientationLandscapeLeft UIInterfaceOrientationLandscapeRight";
				INFOPLIST_KEY_UISupportedInterfaceOrientations_iPhone = "UIInterfaceOrientationPortrait UIInterfaceOrientationLandscapeLeft UIInterfaceOrientationLandscapeRight";
				LD_RUNPATH_SEARCH_PATHS = (
					"$(inherited)",
					"@executable_path/Frameworks",
				);
				MARKETING_VERSION = 1.0;
				PRODUCT_BUNDLE_IDENTIFIER = "learn-ios.laborExchange";
				PRODUCT_NAME = "$(TARGET_NAME)";
				SWIFT_EMIT_LOC_STRINGS = YES;
				SWIFT_VERSION = 5.0;
				TARGETED_DEVICE_FAMILY = "1,2";
			};
			name = Release;
		};
/* End XCBuildConfiguration section */

/* Begin XCConfigurationList section */
		A675249429AC893A00D8B8FB /* Build configuration list for PBXProject "laborExchange" */ = {
			isa = XCConfigurationList;
			buildConfigurations = (
				A67524A529AC893B00D8B8FB /* Debug */,
				A67524A629AC893B00D8B8FB /* Release */,
			);
			defaultConfigurationIsVisible = 0;
			defaultConfigurationName = Release;
		};
		A67524A729AC893B00D8B8FB /* Build configuration list for PBXNativeTarget "laborExchange" */ = {
			isa = XCConfigurationList;
			buildConfigurations = (
				A67524A829AC893B00D8B8FB /* Debug */,
				A67524A929AC893B00D8B8FB /* Release */,
			);
			defaultConfigurationIsVisible = 0;
			defaultConfigurationName = Release;
		};
/* End XCConfigurationList section */
	};
	rootObject = A675249129AC893A00D8B8FB /* Project object */;
}
